PODS:
  - Apollo (0.32.0):
    - Apollo/Core (= 0.32.0)
  - Apollo/Core (0.32.0)
  - AppDevAnnouncements (0.0.1)
  - ARCL (1.3.0)
  - BulletinBoard (4.1.2)
  - CHIPageControl/Jaloro (0.2)
  - Fabric (1.10.2)
  - Firebase/Analytics (6.31.1):
    - Firebase/Core
  - Firebase/Core (6.31.1):
    - Firebase/CoreOnly
    - FirebaseAnalytics (= 6.8.0)
  - Firebase/CoreOnly (6.31.1):
    - FirebaseCore (= 6.10.1)
  - FirebaseAnalytics (6.8.0):
    - FirebaseCore (~> 6.10)
    - FirebaseInstallations (~> 1.6)
    - GoogleAppMeasurement (= 6.8.0)
    - GoogleUtilities/AppDelegateSwizzler (~> 6.7)
    - GoogleUtilities/MethodSwizzler (~> 6.7)
    - GoogleUtilities/Network (~> 6.7)
    - "GoogleUtilities/NSData+zlib (~> 6.7)"
    - nanopb (~> 1.30906.0)
  - FirebaseCore (6.10.1):
    - FirebaseCoreDiagnostics (~> 1.6)
    - GoogleUtilities/Environment (~> 6.7)
    - GoogleUtilities/Logger (~> 6.7)
  - FirebaseCoreDiagnostics (1.6.0):
    - GoogleDataTransport (~> 7.2)
    - GoogleUtilities/Environment (~> 6.7)
    - GoogleUtilities/Logger (~> 6.7)
    - nanopb (~> 1.30906.0)
  - FirebaseInstallations (1.7.0):
    - FirebaseCore (~> 6.10)
    - GoogleUtilities/Environment (~> 6.7)
    - GoogleUtilities/UserDefaults (~> 6.7)
    - PromisesObjC (~> 1.2)
  - FLEX (2.4.0)
  - GoogleAppMeasurement (6.8.0):
    - GoogleUtilities/AppDelegateSwizzler (~> 6.7)
    - GoogleUtilities/MethodSwizzler (~> 6.7)
    - GoogleUtilities/Network (~> 6.7)
    - "GoogleUtilities/NSData+zlib (~> 6.7)"
    - nanopb (~> 1.30906.0)
  - GoogleDataTransport (7.3.0):
    - nanopb (~> 1.30906.0)
  - GoogleUtilities/AppDelegateSwizzler (6.7.2):
    - GoogleUtilities/Environment
    - GoogleUtilities/Logger
    - GoogleUtilities/Network
  - GoogleUtilities/Environment (6.7.2):
    - PromisesObjC (~> 1.2)
  - GoogleUtilities/Logger (6.7.2):
    - GoogleUtilities/Environment
  - GoogleUtilities/MethodSwizzler (6.7.2):
    - GoogleUtilities/Logger
  - GoogleUtilities/Network (6.7.2):
    - GoogleUtilities/Logger
    - "GoogleUtilities/NSData+zlib"
    - GoogleUtilities/Reachability
  - "GoogleUtilities/NSData+zlib (6.7.2)"
  - GoogleUtilities/Reachability (6.7.2):
    - GoogleUtilities/Logger
  - GoogleUtilities/UserDefaults (6.7.2):
    - GoogleUtilities/Logger
  - Hero (1.5.0)
  - Kingfisher (5.15.0):
    - Kingfisher/Core (= 5.15.0)
  - Kingfisher/Core (5.15.0)
  - lottie-ios (3.1.8)
  - nanopb (1.30906.0):
    - nanopb/decode (= 1.30906.0)
    - nanopb/encode (= 1.30906.0)
  - nanopb/decode (1.30906.0)
  - nanopb/encode (1.30906.0)
  - NVActivityIndicatorView (5.0.1):
    - NVActivityIndicatorView/Base (= 5.0.1)
  - NVActivityIndicatorView/Base (5.0.1)
  - PromisesObjC (1.2.10)
  - SnapKit (5.0.1)
  - SwiftyJSON (5.0.0)
  - SwiftyUserDefaults (5.0.0)
  - Wormholy (1.6.2)

DEPENDENCIES:
  - Apollo (from `https://github.com/apollographql/apollo-ios.git`)
  - AppDevAnnouncements (from `https://github.com/cuappdev/appdev-announcements.git`, commit `4cfbcd46af092037ac6632fe5616a13e5f280615`)
  - ARCL
  - BulletinBoard
  - CHIPageControl/Jaloro
  - Fabric
  - Firebase/Analytics
  - FLEX (~> 2.0)
  - Hero
  - Kingfisher
  - lottie-ios
  - NVActivityIndicatorView
  - SnapKit
  - SwiftyJSON
  - SwiftyUserDefaults
  - Wormholy

SPEC REPOS:
  trunk:
    - ARCL
    - BulletinBoard
    - CHIPageControl
    - Fabric
    - Firebase
    - FirebaseAnalytics
    - FirebaseCore
    - FirebaseCoreDiagnostics
    - FirebaseInstallations
    - FLEX
    - GoogleAppMeasurement
    - GoogleDataTransport
    - GoogleUtilities
    - Hero
    - Kingfisher
    - lottie-ios
    - nanopb
    - NVActivityIndicatorView
    - PromisesObjC
    - SnapKit
    - SwiftyJSON
    - SwiftyUserDefaults
    - Wormholy

EXTERNAL SOURCES:
  Apollo:
    :git: https://github.com/apollographql/apollo-ios.git
  AppDevAnnouncements:
    :commit: 4cfbcd46af092037ac6632fe5616a13e5f280615
    :git: https://github.com/cuappdev/appdev-announcements.git

CHECKOUT OPTIONS:
  Apollo:
    :commit: 5b4beadbdf27a81be27fdf279af9108d56d7ea71
    :git: https://github.com/apollographql/apollo-ios.git
  AppDevAnnouncements:
    :commit: 4cfbcd46af092037ac6632fe5616a13e5f280615
    :git: https://github.com/cuappdev/appdev-announcements.git

SPEC CHECKSUMS:
  Apollo: 1389ecb47926faae2b95acb331a088fa88de13f6
  AppDevAnnouncements: e17a7f441fb0664583bb08e21dc709214d15b70f
  ARCL: db48b6927d6f3f49f29568295ed91c94ab8d4aab
  BulletinBoard: 1c0cb191b6c6245d08f51bd2445f1e36414ec0ed
  CHIPageControl: a787bf7205c9b7e7fbfc412be36c5e8636b68f86
  Fabric: 706c8b8098fff96c33c0db69cbf81f9c551d0d74
  Firebase: 658370fa0181826a74b7cfca8d68c5856ca749ae
  FirebaseAnalytics: 0ca9aa2af7cc4dc92392b7a78bfc49feaa2eb60f
  FirebaseCore: 6fb954e350af0885803d5aa49865d15d9a6b264c
  FirebaseCoreDiagnostics: 7415bfb3883b3500c5a95c42b6ba66baae78f600
  FirebaseInstallations: 466c7b4d1f58fe16707693091da253726a731ed2
  FLEX: bd1a39e55b56bb413b6f1b34b3c10a0dc44ef079
  GoogleAppMeasurement: ecc30d0ab5b66d7d18e85ce1b8e2b345db60626d
  GoogleDataTransport: e85fb700c9b027079ce182c3d08e12e0f9618bb4
  GoogleUtilities: 7f2f5a07f888cdb145101d6042bc4422f57e70b3
  Hero: b7385b75e7259da62f4f85462f59a5082d66b058
  Kingfisher: 1acb67597a520c2d0310677e66d6e0af455ef757
  lottie-ios: 48fac6be217c76937e36e340e2d09cf7b10b7f5f
  nanopb: 59317e09cf1f1a0af72f12af412d54edf52603fc
  NVActivityIndicatorView: 738e843cb8924e9e4fc3e559d0728031624bf860
  PromisesObjC: b14b1c6b68e306650688599de8a45e49fae81151
  SnapKit: 97b92857e3df3a0c71833cce143274bf6ef8e5eb
  SwiftyJSON: 36413e04c44ee145039d332b4f4e2d3e8d6c4db7
  SwiftyUserDefaults: 33fcb42bd1feb53a37d873feb62c82967db5f7f6
  Wormholy: 5a186f877829e7d488963b09f204e0186b40c9a8

PODFILE CHECKSUM: 140139abd90d706e363575916285d1606d900221

COCOAPODS: 1.9.3
