PODS:
  - Alamofire (4.7.3)
  - ARCL (1.0.4)
  - Crashlytics (3.10.9):
    - Fabric (~> 1.7.13)
  - DiningStack (1.0):
    - Alamofire
    - SwiftyJSON
  - Fabric (1.7.13)
  - Hero (1.4.0)
  - Kingfisher (4.10.0)
  - NVActivityIndicatorView (4.4.0):
    - NVActivityIndicatorView/Presenter (= 4.4.0)
  - NVActivityIndicatorView/Presenter (4.4.0)
  - SnapKit (4.2.0)
  - SwiftyJSON (4.1.0)

DEPENDENCIES:
  - ARCL
  - Crashlytics
  - DiningStack (from `https://github.com/cuappdev/DiningStack.git`)
  - Fabric
  - Hero
  - Kingfisher
  - NVActivityIndicatorView
  - SnapKit
  - SwiftyJSON

SPEC REPOS:
  https://github.com/cocoapods/specs.git:
    - Alamofire
    - ARCL
    - Crashlytics
    - Fabric
    - Hero
    - Kingfisher
    - NVActivityIndicatorView
    - SnapKit
    - SwiftyJSON

EXTERNAL SOURCES:
  DiningStack:
    :git: https://github.com/cuappdev/DiningStack.git

CHECKOUT OPTIONS:
  DiningStack:
    :commit: e4f4f39da4df70336b95518c8e30cf49a542454a
    :git: https://github.com/cuappdev/DiningStack.git

SPEC CHECKSUMS:
  Alamofire: c7287b6e5d7da964a70935e5db17046b7fde6568
  ARCL: 5fd2b0d7aabf91f15dbc0e8c510b25516b8a755a
  Crashlytics: 55e24fc23989680285a21cb1146578d9d18e432c
  DiningStack: 59e407be613232bf102c674eb425dbdfebe4f8ad
  Fabric: 25d0963b691fc97be566392243ff0ecef5a68338
  Hero: bac92350d7201a1a940003e0767c7b52ce7c99a1
  Kingfisher: 43c4b802d8b5256cf1f4379e9cd10b329be6d3e2
  NVActivityIndicatorView: ec7440a57af2450319d3a4181cca7da6fc127064
  SnapKit: fe8a619752f3f27075cc9a90244d75c6c3f27e2a
  SwiftyJSON: c29297daf073d2aa016295d5809cdd68045c39b3

PODFILE CHECKSUM: 33cde1152d67cd13aa451a7e43fa292e8e317b1a

COCOAPODS: 1.5.3
