// !$*UTF8*$!
{
	archiveVersion = 1;
	classes = {
	};
	objectVersion = 48;
	objects = {

/* Begin PBXBuildFile section */
		1D07D27B1C86F9D400FABB7B /* UIScreen+Device.swift in Sources */ = {isa = PBXBuildFile; fileRef = 1D07D27A1C86F9D400FABB7B /* UIScreen+Device.swift */; };
		1D0A94441CC84280000B3974 /* UIViewController+Animation.swift in Sources */ = {isa = PBXBuildFile; fileRef = 1D0A94431CC84280000B3974 /* UIViewController+Animation.swift */; };
		5D218C2E21FBE39700327516 /* MenuHeaderView.xib in Resources */ = {isa = PBXBuildFile; fileRef = 5D218C1621FBE39700327516 /* MenuHeaderView.xib */; };
		5D218C2F21FBE39700327516 /* MealStationTableViewCell.swift in Sources */ = {isa = PBXBuildFile; fileRef = 5D218C1721FBE39700327516 /* MealStationTableViewCell.swift */; };
		5D218C3021FBE39700327516 /* MenuHeaderView.swift in Sources */ = {isa = PBXBuildFile; fileRef = 5D218C1821FBE39700327516 /* MenuHeaderView.swift */; };
		5D218C3121FBE39700327516 /* MealItemTableViewCell.swift in Sources */ = {isa = PBXBuildFile; fileRef = 5D218C1921FBE39700327516 /* MealItemTableViewCell.swift */; };
		5D218C3221FBE39700327516 /* NavigationTitleView.swift in Sources */ = {isa = PBXBuildFile; fileRef = 5D218C1A21FBE39700327516 /* NavigationTitleView.swift */; };
		5D218C3321FBE39700327516 /* MealStationTableViewCell.xib in Resources */ = {isa = PBXBuildFile; fileRef = 5D218C1B21FBE39700327516 /* MealStationTableViewCell.xib */; };
		5D218C3421FBE39700327516 /* EateryARDetailCard.swift in Sources */ = {isa = PBXBuildFile; fileRef = 5D218C1C21FBE39700327516 /* EateryARDetailCard.swift */; };
		5D218C3521FBE39700327516 /* NavigationTitleView.xib in Resources */ = {isa = PBXBuildFile; fileRef = 5D218C1D21FBE39700327516 /* NavigationTitleView.xib */; };
		5D218C3621FBE39700327516 /* EateryHeaderTableViewCell.xib in Resources */ = {isa = PBXBuildFile; fileRef = 5D218C1F21FBE39700327516 /* EateryHeaderTableViewCell.xib */; };
		5D218C3721FBE39700327516 /* FilterEateriesView.xib in Resources */ = {isa = PBXBuildFile; fileRef = 5D218C2021FBE39700327516 /* FilterEateriesView.xib */; };
		5D218C3821FBE39700327516 /* TitleSectionTableViewCell.xib in Resources */ = {isa = PBXBuildFile; fileRef = 5D218C2121FBE39700327516 /* TitleSectionTableViewCell.xib */; };
		5D218C3921FBE39700327516 /* EateryMenuTableViewCell.xib in Resources */ = {isa = PBXBuildFile; fileRef = 5D218C2221FBE39700327516 /* EateryMenuTableViewCell.xib */; };
		5D218C3A21FBE39700327516 /* EateryMenuTableViewCell.swift in Sources */ = {isa = PBXBuildFile; fileRef = 5D218C2321FBE39700327516 /* EateryMenuTableViewCell.swift */; };
		5D218C3B21FBE39700327516 /* FilterDateView.xib in Resources */ = {isa = PBXBuildFile; fileRef = 5D218C2421FBE39700327516 /* FilterDateView.xib */; };
		5D218C3C21FBE39700327516 /* EateryHeaderTableViewCell.swift in Sources */ = {isa = PBXBuildFile; fileRef = 5D218C2521FBE39700327516 /* EateryHeaderTableViewCell.swift */; };
		5D218C3D21FBE39700327516 /* FilterDateView.swift in Sources */ = {isa = PBXBuildFile; fileRef = 5D218C2621FBE39700327516 /* FilterDateView.swift */; };
		5D218C3E21FBE39700327516 /* TitleSectionTableViewCell.swift in Sources */ = {isa = PBXBuildFile; fileRef = 5D218C2721FBE39700327516 /* TitleSectionTableViewCell.swift */; };
		5D218C3F21FBE39700327516 /* FilterEateriesView.swift in Sources */ = {isa = PBXBuildFile; fileRef = 5D218C2821FBE39700327516 /* FilterEateriesView.swift */; };
		5D218C4021FBE39700327516 /* EateryCollectionViewCell.swift in Sources */ = {isa = PBXBuildFile; fileRef = 5D218C2921FBE39700327516 /* EateryCollectionViewCell.swift */; };
		5D218C4221FBE39700327516 /* EateryARCard.swift in Sources */ = {isa = PBXBuildFile; fileRef = 5D218C2B21FBE39700327516 /* EateryARCard.swift */; };
		5D218C4321FBE39700327516 /* EateriesCollectionViewHeaderView.swift in Sources */ = {isa = PBXBuildFile; fileRef = 5D218C2C21FBE39700327516 /* EateriesCollectionViewHeaderView.swift */; };
		5D218C4821FC136E00327516 /* CLLocation+Distance.swift in Sources */ = {isa = PBXBuildFile; fileRef = 5D218C4721FC136E00327516 /* CLLocation+Distance.swift */; };
		5DC06B7A21FE36020043701A /* PaymentMethodsView.swift in Sources */ = {isa = PBXBuildFile; fileRef = 5DC06B7921FE36020043701A /* PaymentMethodsView.swift */; };
		5DDD93A4C245320F6F3ECDE6 /* Pods_Eatery.framework in Frameworks */ = {isa = PBXBuildFile; fileRef = 19538C3B4917B0F73E5B6D62 /* Pods_Eatery.framework */; };
		60FF4E1C1CBEE03E0051FD01 /* MapViewController.swift in Sources */ = {isa = PBXBuildFile; fileRef = 60FF4E1B1CBEE03E0051FD01 /* MapViewController.swift */; };
		6502AF871DCFB9ED00390EAA /* FilterBar.swift in Sources */ = {isa = PBXBuildFile; fileRef = 6502AF861DCFB9ED00390EAA /* FilterBar.swift */; };
		654E37411DEEA738000E4FAB /* Sort.swift in Sources */ = {isa = PBXBuildFile; fileRef = 654E37401DEEA738000E4FAB /* Sort.swift */; };
		65C36A722037D058005D8831 /* ARViewController.swift in Sources */ = {isa = PBXBuildFile; fileRef = 65C36A712037D058005D8831 /* ARViewController.swift */; };
		65E93179206C186B00547D14 /* Keys.swift in Sources */ = {isa = PBXBuildFile; fileRef = 65E93178206C186B00547D14 /* Keys.swift */; };
		892A06E061931FC9506733A0 /* Pods_Eatery_Watch_App.framework in Frameworks */ = {isa = PBXBuildFile; fileRef = 0A149DD6FAC488D584A8CB7E /* Pods_Eatery_Watch_App.framework */; };
		95495D2E1C0AA0790015B85E /* MenuImages.swift in Sources */ = {isa = PBXBuildFile; fileRef = 95495D2D1C0AA0790015B85E /* MenuImages.swift */; };
		9584FE471CDD6BDF001A3AB5 /* DINLight.ttf in Resources */ = {isa = PBXBuildFile; fileRef = 9584FE461CDD6BDF001A3AB5 /* DINLight.ttf */; };
		9584FE4E1CDD6C3B001A3AB5 /* BRBViewController.swift in Sources */ = {isa = PBXBuildFile; fileRef = 9584FE491CDD6C3B001A3AB5 /* BRBViewController.swift */; };
		9584FE501CDD6C3B001A3AB5 /* BRBConnectionHandler.swift in Sources */ = {isa = PBXBuildFile; fileRef = 9584FE4B1CDD6C3B001A3AB5 /* BRBConnectionHandler.swift */; };
		9584FE511CDD6C3B001A3AB5 /* BRBLoginView.swift in Sources */ = {isa = PBXBuildFile; fileRef = 9584FE4C1CDD6C3B001A3AB5 /* BRBLoginView.swift */; };
		9584FE521CDD6C3B001A3AB5 /* KeychainItemWrapper.swift in Sources */ = {isa = PBXBuildFile; fileRef = 9584FE4D1CDD6C3B001A3AB5 /* KeychainItemWrapper.swift */; };
		95F661FA1E2E9F3D00591A54 /* LaunchScreen.storyboard in Resources */ = {isa = PBXBuildFile; fileRef = 95F661F91E2E9F3D00591A54 /* LaunchScreen.storyboard */; };
		A7EBF8F274D563F7CE96F82D /* Pods_Eatery_Watch_App_Extension.framework in Frameworks */ = {isa = PBXBuildFile; fileRef = 7E776653956F9723D00D92DD /* Pods_Eatery_Watch_App_Extension.framework */; };
		C0497B131B64AA1800AC1C6C /* UIColor+ColorScheme.swift in Sources */ = {isa = PBXBuildFile; fileRef = C0497AF11B64AA1800AC1C6C /* UIColor+ColorScheme.swift */; };
		C0497B161B64AA1800AC1C6C /* TimeFactory.swift in Sources */ = {isa = PBXBuildFile; fileRef = C0497AF51B64AA1800AC1C6C /* TimeFactory.swift */; };
		C0497BAF1B64AA3800AC1C6C /* Images.xcassets in Resources */ = {isa = PBXBuildFile; fileRef = C0497B581B64AA3800AC1C6C /* Images.xcassets */; };
		C0F182FA1B674B1300063D77 /* AppDelegate.swift in Sources */ = {isa = PBXBuildFile; fileRef = C0F182F81B674B1300063D77 /* AppDelegate.swift */; };
		C0F182FC1B674DCB00063D77 /* AnalyticsManager.swift in Sources */ = {isa = PBXBuildFile; fileRef = C0F182FB1B674DCB00063D77 /* AnalyticsManager.swift */; };
		C26C57A0219642BC000E7FC9 /* EateryTabBarController.swift in Sources */ = {isa = PBXBuildFile; fileRef = C26C579F219642BC000E7FC9 /* EateryTabBarController.swift */; };
		D10246291C7A31C4000D5CD8 /* LookAheadViewController.swift in Sources */ = {isa = PBXBuildFile; fileRef = D10246281C7A31C3000D5CD8 /* LookAheadViewController.swift */; };
		D1EE777A1C702469001823D8 /* String+Manipulation.swift in Sources */ = {isa = PBXBuildFile; fileRef = D1EE77791C702469001823D8 /* String+Manipulation.swift */; };
		D930FBD8218BC00200B0B1CE /* BRBAccount.swift in Sources */ = {isa = PBXBuildFile; fileRef = D930FBD7218BC00200B0B1CE /* BRBAccount.swift */; };
		D956DCAD2187B074001BB9B0 /* Keys.plist in Resources */ = {isa = PBXBuildFile; fileRef = D956DCAC2187B074001BB9B0 /* Keys.plist */; };
		D956DCB12187B2BF001BB9B0 /* eateryQuery.graphql in Resources */ = {isa = PBXBuildFile; fileRef = D956DCB02187B2BF001BB9B0 /* eateryQuery.graphql */; };
		D956DCB42187B4B1001BB9B0 /* NetworkManager.swift in Sources */ = {isa = PBXBuildFile; fileRef = D956DCB32187B4B1001BB9B0 /* NetworkManager.swift */; };
		D956DCB92187B885001BB9B0 /* Eatery.swift in Sources */ = {isa = PBXBuildFile; fileRef = D956DCB82187B885001BB9B0 /* Eatery.swift */; };
		D956DCC12187B94E001BB9B0 /* Event.swift in Sources */ = {isa = PBXBuildFile; fileRef = D956DCC02187B94E001BB9B0 /* Event.swift */; };
		D956DCC32187B979001BB9B0 /* MenuItem.swift in Sources */ = {isa = PBXBuildFile; fileRef = D956DCC22187B979001BB9B0 /* MenuItem.swift */; };
		D97142E02197542A00E2EE05 /* brbQuery.graphql in Resources */ = {isa = PBXBuildFile; fileRef = D97142DF2197542A00E2EE05 /* brbQuery.graphql */; };
		D97142E1219A4B6000E2EE05 /* Security.framework in Frameworks */ = {isa = PBXBuildFile; fileRef = 9584FE541CDD7A26001A3AB5 /* Security.framework */; };
		D97142E7219A6B6F00E2EE05 /* API.swift in Sources */ = {isa = PBXBuildFile; fileRef = D97142E6219A6B6F00E2EE05 /* API.swift */; };
		D97142F7219A74E300E2EE05 /* Eatery Watch App Extension.appex in Embed App Extensions */ = {isa = PBXBuildFile; fileRef = D97142F6219A74E300E2EE05 /* Eatery Watch App Extension.appex */; settings = {ATTRIBUTES = (RemoveHeadersOnCopy, ); }; };
		D9714304219A74E400E2EE05 /* Eatery Watch App.app in Embed Watch Content */ = {isa = PBXBuildFile; fileRef = D97142EA219A74E200E2EE05 /* Eatery Watch App.app */; };
		D9714313219A7B4300E2EE05 /* NotificationController.swift in Sources */ = {isa = PBXBuildFile; fileRef = 659B21811C70796600F3B138 /* NotificationController.swift */; };
		D9714314219A7B4600E2EE05 /* MenuInterfaceController.swift in Sources */ = {isa = PBXBuildFile; fileRef = 652AE53D1C707EBC00B7245A /* MenuInterfaceController.swift */; };
		D9714315219A7B4900E2EE05 /* ExtensionDelegate.swift in Sources */ = {isa = PBXBuildFile; fileRef = 659B217F1C70796600F3B138 /* ExtensionDelegate.swift */; };
		D9714316219A7B4C00E2EE05 /* EateryRowController.swift in Sources */ = {isa = PBXBuildFile; fileRef = 652AE53C1C707EBC00B7245A /* EateryRowController.swift */; };
		D9714317219A7B4E00E2EE05 /* EateriesInterfaceController.swift in Sources */ = {isa = PBXBuildFile; fileRef = 652AE53A1C707EBC00B7245A /* EateriesInterfaceController.swift */; };
		D9714318219A7B6A00E2EE05 /* Interface.storyboard in Resources */ = {isa = PBXBuildFile; fileRef = 659B216C1C70796600F3B138 /* Interface.storyboard */; };
		D9714319219A7E8F00E2EE05 /* Eatery+Extensions.swift in Sources */ = {isa = PBXBuildFile; fileRef = FAA912BD1BE6A035003475A8 /* Eatery+Extensions.swift */; };
		D971431A219A7EDB00E2EE05 /* UIColor+ColorScheme.swift in Sources */ = {isa = PBXBuildFile; fileRef = C0497AF11B64AA1800AC1C6C /* UIColor+ColorScheme.swift */; };
		D971431D219A7F3D00E2EE05 /* TimeFactory.swift in Sources */ = {isa = PBXBuildFile; fileRef = D971431C219A7F3D00E2EE05 /* TimeFactory.swift */; };
		D971431F219A7FE100E2EE05 /* Eatery+Extension.swift in Sources */ = {isa = PBXBuildFile; fileRef = D971431E219A7FE100E2EE05 /* Eatery+Extension.swift */; };
		D9714321219B953800E2EE05 /* Assets.xcassets in Resources */ = {isa = PBXBuildFile; fileRef = 659B216F1C70796600F3B138 /* Assets.xcassets */; };
		D9714322219B953D00E2EE05 /* Assets.xcassets in Resources */ = {isa = PBXBuildFile; fileRef = 659B21831C70796600F3B138 /* Assets.xcassets */; };
		E93CD4171BE67AC400089CE5 /* MenuViewController.swift in Sources */ = {isa = PBXBuildFile; fileRef = E93CD4161BE67AC400089CE5 /* MenuViewController.swift */; };
		E93CD4191BE67C2300089CE5 /* TabbedPageViewController.swift in Sources */ = {isa = PBXBuildFile; fileRef = E93CD4181BE67C2300089CE5 /* TabbedPageViewController.swift */; };
		E93CD41B1BE67DB000089CE5 /* MealTableViewController.swift in Sources */ = {isa = PBXBuildFile; fileRef = E93CD41A1BE67DB000089CE5 /* MealTableViewController.swift */; };
		E978DF851BEA8108000CD44F /* UnderlineTabBarView.swift in Sources */ = {isa = PBXBuildFile; fileRef = E978DF841BEA8108000CD44F /* UnderlineTabBarView.swift */; };
		E9CFC0AA1C0E4A3000ED884A /* appendix.json in Resources */ = {isa = PBXBuildFile; fileRef = E9CFC0A81C0E4A3000ED884A /* appendix.json */; };
		E9CFC0B41C0F63DD00ED884A /* EateriesCollectionViewGridLayout.swift in Sources */ = {isa = PBXBuildFile; fileRef = E9CFC0B31C0F63DD00ED884A /* EateriesCollectionViewGridLayout.swift */; };
		E9EC978F1BFD1B4B00D06823 /* EateriesViewController.swift in Sources */ = {isa = PBXBuildFile; fileRef = E9EC978E1BFD1B4B00D06823 /* EateriesViewController.swift */; };
		F06C7C111DDD032A000445E5 /* BRBAccountSettingsViewController.swift in Sources */ = {isa = PBXBuildFile; fileRef = F06C7C101DDD032A000445E5 /* BRBAccountSettingsViewController.swift */; };
		F0EFD2461DDBBF9D007D63B1 /* BRBTableViewCell.swift in Sources */ = {isa = PBXBuildFile; fileRef = F0EFD2451DDBBF9D007D63B1 /* BRBTableViewCell.swift */; };
/* End PBXBuildFile section */

/* Begin PBXContainerItemProxy section */
		D97142F8219A74E300E2EE05 /* PBXContainerItemProxy */ = {
			isa = PBXContainerItemProxy;
			containerPortal = C007CAB719E1BEAC00E3BD46 /* Project object */;
			proxyType = 1;
			remoteGlobalIDString = D97142F5219A74E300E2EE05;
			remoteInfo = "watchkitapp Extension";
		};
		D9714302219A74E400E2EE05 /* PBXContainerItemProxy */ = {
			isa = PBXContainerItemProxy;
			containerPortal = C007CAB719E1BEAC00E3BD46 /* Project object */;
			proxyType = 1;
			remoteGlobalIDString = D97142E9219A74E200E2EE05;
			remoteInfo = watchkitapp;
		};
/* End PBXContainerItemProxy section */

/* Begin PBXCopyFilesBuildPhase section */
		D971430A219A74E400E2EE05 /* Embed App Extensions */ = {
			isa = PBXCopyFilesBuildPhase;
			buildActionMask = 2147483647;
			dstPath = "";
			dstSubfolderSpec = 13;
			files = (
				D97142F7219A74E300E2EE05 /* Eatery Watch App Extension.appex in Embed App Extensions */,
			);
			name = "Embed App Extensions";
			runOnlyForDeploymentPostprocessing = 0;
		};
		D9714310219A74E400E2EE05 /* Embed Watch Content */ = {
			isa = PBXCopyFilesBuildPhase;
			buildActionMask = 2147483647;
			dstPath = "$(CONTENTS_FOLDER_PATH)/Watch";
			dstSubfolderSpec = 16;
			files = (
				D9714304219A74E400E2EE05 /* Eatery Watch App.app in Embed Watch Content */,
			);
			name = "Embed Watch Content";
			runOnlyForDeploymentPostprocessing = 0;
		};
/* End PBXCopyFilesBuildPhase section */

/* Begin PBXFileReference section */
		019B364D52B66BC8F8B6C25F /* Pods-Eatery Watch App.app store.xcconfig */ = {isa = PBXFileReference; includeInIndex = 1; lastKnownFileType = text.xcconfig; name = "Pods-Eatery Watch App.app store.xcconfig"; path = "Pods/Target Support Files/Pods-Eatery Watch App/Pods-Eatery Watch App.app store.xcconfig"; sourceTree = "<group>"; };
		063BB995A36FB9F04B5D1D5F /* Pods-Eatery Watch App.external beta.xcconfig */ = {isa = PBXFileReference; includeInIndex = 1; lastKnownFileType = text.xcconfig; name = "Pods-Eatery Watch App.external beta.xcconfig"; path = "Pods/Target Support Files/Pods-Eatery Watch App/Pods-Eatery Watch App.external beta.xcconfig"; sourceTree = "<group>"; };
		0A149DD6FAC488D584A8CB7E /* Pods_Eatery_Watch_App.framework */ = {isa = PBXFileReference; explicitFileType = wrapper.framework; includeInIndex = 0; path = Pods_Eatery_Watch_App.framework; sourceTree = BUILT_PRODUCTS_DIR; };
		19538C3B4917B0F73E5B6D62 /* Pods_Eatery.framework */ = {isa = PBXFileReference; explicitFileType = wrapper.framework; includeInIndex = 0; path = Pods_Eatery.framework; sourceTree = BUILT_PRODUCTS_DIR; };
		1D07D27A1C86F9D400FABB7B /* UIScreen+Device.swift */ = {isa = PBXFileReference; fileEncoding = 4; lastKnownFileType = sourcecode.swift; path = "UIScreen+Device.swift"; sourceTree = "<group>"; };
		1D0A94431CC84280000B3974 /* UIViewController+Animation.swift */ = {isa = PBXFileReference; fileEncoding = 4; lastKnownFileType = sourcecode.swift; path = "UIViewController+Animation.swift"; sourceTree = "<group>"; };
		295D96F3E987C9154F7D77DE /* Pods-Eatery Watch App.internal beta.xcconfig */ = {isa = PBXFileReference; includeInIndex = 1; lastKnownFileType = text.xcconfig; name = "Pods-Eatery Watch App.internal beta.xcconfig"; path = "Pods/Target Support Files/Pods-Eatery Watch App/Pods-Eatery Watch App.internal beta.xcconfig"; sourceTree = "<group>"; };
		2EFE6B659BF68ECA9CE402B4 /* Pods-Eatery.app store.xcconfig */ = {isa = PBXFileReference; includeInIndex = 1; lastKnownFileType = text.xcconfig; name = "Pods-Eatery.app store.xcconfig"; path = "Pods/Target Support Files/Pods-Eatery/Pods-Eatery.app store.xcconfig"; sourceTree = "<group>"; };
		42B1F4EE1BEAD5EE004C382A /* Eatery.entitlements */ = {isa = PBXFileReference; lastKnownFileType = text.xml; path = Eatery.entitlements; sourceTree = "<group>"; };
		561CC64F0A1AF41712E60CD0 /* Pods-Eatery.external beta.xcconfig */ = {isa = PBXFileReference; includeInIndex = 1; lastKnownFileType = text.xcconfig; name = "Pods-Eatery.external beta.xcconfig"; path = "Pods/Target Support Files/Pods-Eatery/Pods-Eatery.external beta.xcconfig"; sourceTree = "<group>"; };
		5D218C1621FBE39700327516 /* MenuHeaderView.xib */ = {isa = PBXFileReference; fileEncoding = 4; lastKnownFileType = file.xib; path = MenuHeaderView.xib; sourceTree = "<group>"; };
		5D218C1721FBE39700327516 /* MealStationTableViewCell.swift */ = {isa = PBXFileReference; fileEncoding = 4; lastKnownFileType = sourcecode.swift; path = MealStationTableViewCell.swift; sourceTree = "<group>"; };
		5D218C1821FBE39700327516 /* MenuHeaderView.swift */ = {isa = PBXFileReference; fileEncoding = 4; lastKnownFileType = sourcecode.swift; path = MenuHeaderView.swift; sourceTree = "<group>"; };
		5D218C1921FBE39700327516 /* MealItemTableViewCell.swift */ = {isa = PBXFileReference; fileEncoding = 4; lastKnownFileType = sourcecode.swift; path = MealItemTableViewCell.swift; sourceTree = "<group>"; };
		5D218C1A21FBE39700327516 /* NavigationTitleView.swift */ = {isa = PBXFileReference; fileEncoding = 4; lastKnownFileType = sourcecode.swift; path = NavigationTitleView.swift; sourceTree = "<group>"; };
		5D218C1B21FBE39700327516 /* MealStationTableViewCell.xib */ = {isa = PBXFileReference; fileEncoding = 4; lastKnownFileType = file.xib; path = MealStationTableViewCell.xib; sourceTree = "<group>"; };
		5D218C1C21FBE39700327516 /* EateryARDetailCard.swift */ = {isa = PBXFileReference; fileEncoding = 4; lastKnownFileType = sourcecode.swift; path = EateryARDetailCard.swift; sourceTree = "<group>"; };
		5D218C1D21FBE39700327516 /* NavigationTitleView.xib */ = {isa = PBXFileReference; fileEncoding = 4; lastKnownFileType = file.xib; path = NavigationTitleView.xib; sourceTree = "<group>"; };
		5D218C1F21FBE39700327516 /* EateryHeaderTableViewCell.xib */ = {isa = PBXFileReference; fileEncoding = 4; lastKnownFileType = file.xib; path = EateryHeaderTableViewCell.xib; sourceTree = "<group>"; };
		5D218C2021FBE39700327516 /* FilterEateriesView.xib */ = {isa = PBXFileReference; fileEncoding = 4; lastKnownFileType = file.xib; path = FilterEateriesView.xib; sourceTree = "<group>"; };
		5D218C2121FBE39700327516 /* TitleSectionTableViewCell.xib */ = {isa = PBXFileReference; fileEncoding = 4; lastKnownFileType = file.xib; path = TitleSectionTableViewCell.xib; sourceTree = "<group>"; };
		5D218C2221FBE39700327516 /* EateryMenuTableViewCell.xib */ = {isa = PBXFileReference; fileEncoding = 4; lastKnownFileType = file.xib; path = EateryMenuTableViewCell.xib; sourceTree = "<group>"; };
		5D218C2321FBE39700327516 /* EateryMenuTableViewCell.swift */ = {isa = PBXFileReference; fileEncoding = 4; lastKnownFileType = sourcecode.swift; path = EateryMenuTableViewCell.swift; sourceTree = "<group>"; };
		5D218C2421FBE39700327516 /* FilterDateView.xib */ = {isa = PBXFileReference; fileEncoding = 4; lastKnownFileType = file.xib; path = FilterDateView.xib; sourceTree = "<group>"; };
		5D218C2521FBE39700327516 /* EateryHeaderTableViewCell.swift */ = {isa = PBXFileReference; fileEncoding = 4; lastKnownFileType = sourcecode.swift; path = EateryHeaderTableViewCell.swift; sourceTree = "<group>"; };
		5D218C2621FBE39700327516 /* FilterDateView.swift */ = {isa = PBXFileReference; fileEncoding = 4; lastKnownFileType = sourcecode.swift; path = FilterDateView.swift; sourceTree = "<group>"; };
		5D218C2721FBE39700327516 /* TitleSectionTableViewCell.swift */ = {isa = PBXFileReference; fileEncoding = 4; lastKnownFileType = sourcecode.swift; path = TitleSectionTableViewCell.swift; sourceTree = "<group>"; };
		5D218C2821FBE39700327516 /* FilterEateriesView.swift */ = {isa = PBXFileReference; fileEncoding = 4; lastKnownFileType = sourcecode.swift; path = FilterEateriesView.swift; sourceTree = "<group>"; };
		5D218C2921FBE39700327516 /* EateryCollectionViewCell.swift */ = {isa = PBXFileReference; fileEncoding = 4; lastKnownFileType = sourcecode.swift; path = EateryCollectionViewCell.swift; sourceTree = "<group>"; };
		5D218C2B21FBE39700327516 /* EateryARCard.swift */ = {isa = PBXFileReference; fileEncoding = 4; lastKnownFileType = sourcecode.swift; path = EateryARCard.swift; sourceTree = "<group>"; };
		5D218C2C21FBE39700327516 /* EateriesCollectionViewHeaderView.swift */ = {isa = PBXFileReference; fileEncoding = 4; lastKnownFileType = sourcecode.swift; path = EateriesCollectionViewHeaderView.swift; sourceTree = "<group>"; };
		5D218C4721FC136E00327516 /* CLLocation+Distance.swift */ = {isa = PBXFileReference; lastKnownFileType = sourcecode.swift; path = "CLLocation+Distance.swift"; sourceTree = "<group>"; };
		5DC06B7921FE36020043701A /* PaymentMethodsView.swift */ = {isa = PBXFileReference; lastKnownFileType = sourcecode.swift; path = PaymentMethodsView.swift; sourceTree = "<group>"; };
		60FF4E1B1CBEE03E0051FD01 /* MapViewController.swift */ = {isa = PBXFileReference; fileEncoding = 4; lastKnownFileType = sourcecode.swift; path = MapViewController.swift; sourceTree = "<group>"; };
		6502AF861DCFB9ED00390EAA /* FilterBar.swift */ = {isa = PBXFileReference; fileEncoding = 4; lastKnownFileType = sourcecode.swift; path = FilterBar.swift; sourceTree = "<group>"; };
		652AE53A1C707EBC00B7245A /* EateriesInterfaceController.swift */ = {isa = PBXFileReference; fileEncoding = 4; lastKnownFileType = sourcecode.swift; path = EateriesInterfaceController.swift; sourceTree = "<group>"; };
		652AE53C1C707EBC00B7245A /* EateryRowController.swift */ = {isa = PBXFileReference; fileEncoding = 4; lastKnownFileType = sourcecode.swift; path = EateryRowController.swift; sourceTree = "<group>"; };
		652AE53D1C707EBC00B7245A /* MenuInterfaceController.swift */ = {isa = PBXFileReference; fileEncoding = 4; lastKnownFileType = sourcecode.swift; path = MenuInterfaceController.swift; sourceTree = "<group>"; };
		654E37401DEEA738000E4FAB /* Sort.swift */ = {isa = PBXFileReference; fileEncoding = 4; lastKnownFileType = sourcecode.swift; path = Sort.swift; sourceTree = "<group>"; };
		659B216D1C70796600F3B138 /* Base */ = {isa = PBXFileReference; lastKnownFileType = file.storyboard; name = Base; path = Base.lproj/Interface.storyboard; sourceTree = "<group>"; };
		659B216F1C70796600F3B138 /* Assets.xcassets */ = {isa = PBXFileReference; lastKnownFileType = folder.assetcatalog; path = Assets.xcassets; sourceTree = "<group>"; };
		659B21711C70796600F3B138 /* Info.plist */ = {isa = PBXFileReference; lastKnownFileType = text.plist.xml; path = Info.plist; sourceTree = "<group>"; };
		659B217C1C70796600F3B138 /* PushNotificationPayload.apns */ = {isa = PBXFileReference; lastKnownFileType = text; path = PushNotificationPayload.apns; sourceTree = "<group>"; };
		659B217F1C70796600F3B138 /* ExtensionDelegate.swift */ = {isa = PBXFileReference; lastKnownFileType = sourcecode.swift; path = ExtensionDelegate.swift; sourceTree = "<group>"; };
		659B21811C70796600F3B138 /* NotificationController.swift */ = {isa = PBXFileReference; lastKnownFileType = sourcecode.swift; path = NotificationController.swift; sourceTree = "<group>"; };
		659B21831C70796600F3B138 /* Assets.xcassets */ = {isa = PBXFileReference; lastKnownFileType = folder.assetcatalog; path = Assets.xcassets; sourceTree = "<group>"; };
		659B21851C70796600F3B138 /* Info.plist */ = {isa = PBXFileReference; lastKnownFileType = text.plist.xml; path = Info.plist; sourceTree = "<group>"; };
		65C36A712037D058005D8831 /* ARViewController.swift */ = {isa = PBXFileReference; lastKnownFileType = sourcecode.swift; path = ARViewController.swift; sourceTree = "<group>"; };
		65E93178206C186B00547D14 /* Keys.swift */ = {isa = PBXFileReference; lastKnownFileType = sourcecode.swift; path = Keys.swift; sourceTree = "<group>"; };
		7B7FDD4784AB7A79D5069FFC /* Pods-Eatery Watch App Extension.internal beta.xcconfig */ = {isa = PBXFileReference; includeInIndex = 1; lastKnownFileType = text.xcconfig; name = "Pods-Eatery Watch App Extension.internal beta.xcconfig"; path = "Pods/Target Support Files/Pods-Eatery Watch App Extension/Pods-Eatery Watch App Extension.internal beta.xcconfig"; sourceTree = "<group>"; };
		7E776653956F9723D00D92DD /* Pods_Eatery_Watch_App_Extension.framework */ = {isa = PBXFileReference; explicitFileType = wrapper.framework; includeInIndex = 0; path = Pods_Eatery_Watch_App_Extension.framework; sourceTree = BUILT_PRODUCTS_DIR; };
		94AE18508AA0B5D148EEA361 /* Pods-Eatery.internal beta.xcconfig */ = {isa = PBXFileReference; includeInIndex = 1; lastKnownFileType = text.xcconfig; name = "Pods-Eatery.internal beta.xcconfig"; path = "Pods/Target Support Files/Pods-Eatery/Pods-Eatery.internal beta.xcconfig"; sourceTree = "<group>"; };
		95495D2D1C0AA0790015B85E /* MenuImages.swift */ = {isa = PBXFileReference; fileEncoding = 4; lastKnownFileType = sourcecode.swift; path = MenuImages.swift; sourceTree = "<group>"; };
		9584FE461CDD6BDF001A3AB5 /* DINLight.ttf */ = {isa = PBXFileReference; lastKnownFileType = file; path = DINLight.ttf; sourceTree = "<group>"; };
		9584FE491CDD6C3B001A3AB5 /* BRBViewController.swift */ = {isa = PBXFileReference; fileEncoding = 4; lastKnownFileType = sourcecode.swift; path = BRBViewController.swift; sourceTree = "<group>"; };
		9584FE4B1CDD6C3B001A3AB5 /* BRBConnectionHandler.swift */ = {isa = PBXFileReference; fileEncoding = 4; lastKnownFileType = sourcecode.swift; path = BRBConnectionHandler.swift; sourceTree = "<group>"; };
		9584FE4C1CDD6C3B001A3AB5 /* BRBLoginView.swift */ = {isa = PBXFileReference; fileEncoding = 4; lastKnownFileType = sourcecode.swift; path = BRBLoginView.swift; sourceTree = "<group>"; };
		9584FE4D1CDD6C3B001A3AB5 /* KeychainItemWrapper.swift */ = {isa = PBXFileReference; fileEncoding = 4; lastKnownFileType = sourcecode.swift; path = KeychainItemWrapper.swift; sourceTree = "<group>"; };
		9584FE541CDD7A26001A3AB5 /* Security.framework */ = {isa = PBXFileReference; lastKnownFileType = wrapper.framework; name = Security.framework; path = System/Library/Frameworks/Security.framework; sourceTree = SDKROOT; };
		95F661F91E2E9F3D00591A54 /* LaunchScreen.storyboard */ = {isa = PBXFileReference; fileEncoding = 4; lastKnownFileType = file.storyboard; path = LaunchScreen.storyboard; sourceTree = "<group>"; };
		977293368558D040AFA7B199 /* Pods-Eatery Watch App.debug.xcconfig */ = {isa = PBXFileReference; includeInIndex = 1; lastKnownFileType = text.xcconfig; name = "Pods-Eatery Watch App.debug.xcconfig"; path = "Pods/Target Support Files/Pods-Eatery Watch App/Pods-Eatery Watch App.debug.xcconfig"; sourceTree = "<group>"; };
		9BE935BDA323618D9A779B07 /* Pods-Eatery Watch App Extension.external beta.xcconfig */ = {isa = PBXFileReference; includeInIndex = 1; lastKnownFileType = text.xcconfig; name = "Pods-Eatery Watch App Extension.external beta.xcconfig"; path = "Pods/Target Support Files/Pods-Eatery Watch App Extension/Pods-Eatery Watch App Extension.external beta.xcconfig"; sourceTree = "<group>"; };
		BA0F42CF72757B43C3DF64BE /* Pods-Eatery.debug.xcconfig */ = {isa = PBXFileReference; includeInIndex = 1; lastKnownFileType = text.xcconfig; path = "Pods-Eatery.debug.xcconfig"; sourceTree = "<group>"; };
		C007CABF19E1BEAC00E3BD46 /* Eatery.app */ = {isa = PBXFileReference; explicitFileType = wrapper.application; includeInIndex = 0; path = Eatery.app; sourceTree = BUILT_PRODUCTS_DIR; };
		C0497AF11B64AA1800AC1C6C /* UIColor+ColorScheme.swift */ = {isa = PBXFileReference; fileEncoding = 4; lastKnownFileType = sourcecode.swift; path = "UIColor+ColorScheme.swift"; sourceTree = "<group>"; };
		C0497AF51B64AA1800AC1C6C /* TimeFactory.swift */ = {isa = PBXFileReference; fileEncoding = 4; lastKnownFileType = sourcecode.swift; path = TimeFactory.swift; sourceTree = "<group>"; };
		C0497B581B64AA3800AC1C6C /* Images.xcassets */ = {isa = PBXFileReference; lastKnownFileType = folder.assetcatalog; path = Images.xcassets; sourceTree = "<group>"; };
		C0F182F81B674B1300063D77 /* AppDelegate.swift */ = {isa = PBXFileReference; fileEncoding = 4; lastKnownFileType = sourcecode.swift; path = AppDelegate.swift; sourceTree = "<group>"; };
		C0F182FB1B674DCB00063D77 /* AnalyticsManager.swift */ = {isa = PBXFileReference; fileEncoding = 4; lastKnownFileType = sourcecode.swift; path = AnalyticsManager.swift; sourceTree = "<group>"; };
		C26C579F219642BC000E7FC9 /* EateryTabBarController.swift */ = {isa = PBXFileReference; lastKnownFileType = sourcecode.swift; path = EateryTabBarController.swift; sourceTree = "<group>"; };
		D10246281C7A31C3000D5CD8 /* LookAheadViewController.swift */ = {isa = PBXFileReference; fileEncoding = 4; lastKnownFileType = sourcecode.swift; path = LookAheadViewController.swift; sourceTree = "<group>"; };
		D1EE77791C702469001823D8 /* String+Manipulation.swift */ = {isa = PBXFileReference; fileEncoding = 4; lastKnownFileType = sourcecode.swift; path = "String+Manipulation.swift"; sourceTree = "<group>"; };
		D930FBD7218BC00200B0B1CE /* BRBAccount.swift */ = {isa = PBXFileReference; lastKnownFileType = sourcecode.swift; path = BRBAccount.swift; sourceTree = "<group>"; };
		D956DCAC2187B074001BB9B0 /* Keys.plist */ = {isa = PBXFileReference; fileEncoding = 4; lastKnownFileType = text.plist.xml; path = Keys.plist; sourceTree = "<group>"; };
		D956DCB02187B2BF001BB9B0 /* eateryQuery.graphql */ = {isa = PBXFileReference; lastKnownFileType = text; path = eateryQuery.graphql; sourceTree = "<group>"; };
		D956DCB32187B4B1001BB9B0 /* NetworkManager.swift */ = {isa = PBXFileReference; lastKnownFileType = sourcecode.swift; path = NetworkManager.swift; sourceTree = "<group>"; };
		D956DCB82187B885001BB9B0 /* Eatery.swift */ = {isa = PBXFileReference; lastKnownFileType = sourcecode.swift; path = Eatery.swift; sourceTree = "<group>"; };
		D956DCC02187B94E001BB9B0 /* Event.swift */ = {isa = PBXFileReference; lastKnownFileType = sourcecode.swift; path = Event.swift; sourceTree = "<group>"; };
		D956DCC22187B979001BB9B0 /* MenuItem.swift */ = {isa = PBXFileReference; lastKnownFileType = sourcecode.swift; path = MenuItem.swift; sourceTree = "<group>"; };
		D97142DF2197542A00E2EE05 /* brbQuery.graphql */ = {isa = PBXFileReference; lastKnownFileType = text; path = brbQuery.graphql; sourceTree = "<group>"; };
		D97142E6219A6B6F00E2EE05 /* API.swift */ = {isa = PBXFileReference; fileEncoding = 4; lastKnownFileType = sourcecode.swift; path = API.swift; sourceTree = "<group>"; };
		D97142EA219A74E200E2EE05 /* Eatery Watch App.app */ = {isa = PBXFileReference; explicitFileType = wrapper.application; includeInIndex = 0; path = "Eatery Watch App.app"; sourceTree = BUILT_PRODUCTS_DIR; };
		D97142F6219A74E300E2EE05 /* Eatery Watch App Extension.appex */ = {isa = PBXFileReference; explicitFileType = "wrapper.app-extension"; includeInIndex = 0; path = "Eatery Watch App Extension.appex"; sourceTree = BUILT_PRODUCTS_DIR; };
		D9714311219A790D00E2EE05 /* Eatery Watch App Extension.entitlements */ = {isa = PBXFileReference; lastKnownFileType = text.plist.entitlements; path = "Eatery Watch App Extension.entitlements"; sourceTree = "<group>"; };
		D9714312219A791300E2EE05 /* Eatery Watch App.entitlements */ = {isa = PBXFileReference; lastKnownFileType = text.plist.entitlements; path = "Eatery Watch App.entitlements"; sourceTree = "<group>"; };
		D971431C219A7F3D00E2EE05 /* TimeFactory.swift */ = {isa = PBXFileReference; lastKnownFileType = sourcecode.swift; path = TimeFactory.swift; sourceTree = "<group>"; };
		D971431E219A7FE100E2EE05 /* Eatery+Extension.swift */ = {isa = PBXFileReference; lastKnownFileType = sourcecode.swift; path = "Eatery+Extension.swift"; sourceTree = "<group>"; };
		DFAF014CFABFD9D8E6AC7021 /* Pods-Eatery Watch App Extension.debug.xcconfig */ = {isa = PBXFileReference; includeInIndex = 1; lastKnownFileType = text.xcconfig; name = "Pods-Eatery Watch App Extension.debug.xcconfig"; path = "Pods/Target Support Files/Pods-Eatery Watch App Extension/Pods-Eatery Watch App Extension.debug.xcconfig"; sourceTree = "<group>"; };
		E418A28B1A4C3F8781B50F84 /* Pods-Eatery Watch App Extension.app store.xcconfig */ = {isa = PBXFileReference; includeInIndex = 1; lastKnownFileType = text.xcconfig; name = "Pods-Eatery Watch App Extension.app store.xcconfig"; path = "Pods/Target Support Files/Pods-Eatery Watch App Extension/Pods-Eatery Watch App Extension.app store.xcconfig"; sourceTree = "<group>"; };
		E93CD4161BE67AC400089CE5 /* MenuViewController.swift */ = {isa = PBXFileReference; fileEncoding = 4; lastKnownFileType = sourcecode.swift; path = MenuViewController.swift; sourceTree = "<group>"; };
		E93CD4181BE67C2300089CE5 /* TabbedPageViewController.swift */ = {isa = PBXFileReference; fileEncoding = 4; lastKnownFileType = sourcecode.swift; path = TabbedPageViewController.swift; sourceTree = "<group>"; };
		E93CD41A1BE67DB000089CE5 /* MealTableViewController.swift */ = {isa = PBXFileReference; fileEncoding = 4; lastKnownFileType = sourcecode.swift; path = MealTableViewController.swift; sourceTree = "<group>"; };
		E978DF841BEA8108000CD44F /* UnderlineTabBarView.swift */ = {isa = PBXFileReference; fileEncoding = 4; lastKnownFileType = sourcecode.swift; path = UnderlineTabBarView.swift; sourceTree = "<group>"; };
		E99C63E91B6EDE12000A5886 /* Info.plist */ = {isa = PBXFileReference; fileEncoding = 4; lastKnownFileType = text.plist.xml; path = Info.plist; sourceTree = "<group>"; };
		E9CFC0A81C0E4A3000ED884A /* appendix.json */ = {isa = PBXFileReference; fileEncoding = 4; lastKnownFileType = text.json; name = appendix.json; path = "Extra Eatery Data/appendix.json"; sourceTree = "<group>"; };
		E9CFC0B31C0F63DD00ED884A /* EateriesCollectionViewGridLayout.swift */ = {isa = PBXFileReference; fileEncoding = 4; lastKnownFileType = sourcecode.swift; path = EateriesCollectionViewGridLayout.swift; sourceTree = "<group>"; };
		E9EC978E1BFD1B4B00D06823 /* EateriesViewController.swift */ = {isa = PBXFileReference; fileEncoding = 4; lastKnownFileType = sourcecode.swift; path = EateriesViewController.swift; sourceTree = "<group>"; };
		F06C7C101DDD032A000445E5 /* BRBAccountSettingsViewController.swift */ = {isa = PBXFileReference; fileEncoding = 4; lastKnownFileType = sourcecode.swift; path = BRBAccountSettingsViewController.swift; sourceTree = "<group>"; };
		F0EFD2451DDBBF9D007D63B1 /* BRBTableViewCell.swift */ = {isa = PBXFileReference; fileEncoding = 4; lastKnownFileType = sourcecode.swift; path = BRBTableViewCell.swift; sourceTree = "<group>"; };
		FAA912BD1BE6A035003475A8 /* Eatery+Extensions.swift */ = {isa = PBXFileReference; fileEncoding = 4; lastKnownFileType = sourcecode.swift; path = "Eatery+Extensions.swift"; sourceTree = "<group>"; };
/* End PBXFileReference section */

/* Begin PBXFrameworksBuildPhase section */
		A4EE63D5D35875D3E8E0432B /* Frameworks */ = {
			isa = PBXFrameworksBuildPhase;
			buildActionMask = 2147483647;
			files = (
				892A06E061931FC9506733A0 /* Pods_Eatery_Watch_App.framework in Frameworks */,
			);
			runOnlyForDeploymentPostprocessing = 0;
		};
		C007CABC19E1BEAC00E3BD46 /* Frameworks */ = {
			isa = PBXFrameworksBuildPhase;
			buildActionMask = 2147483647;
			files = (
				D97142E1219A4B6000E2EE05 /* Security.framework in Frameworks */,
				5DDD93A4C245320F6F3ECDE6 /* Pods_Eatery.framework in Frameworks */,
			);
			runOnlyForDeploymentPostprocessing = 0;
		};
		D97142F3219A74E300E2EE05 /* Frameworks */ = {
			isa = PBXFrameworksBuildPhase;
			buildActionMask = 2147483647;
			files = (
				A7EBF8F274D563F7CE96F82D /* Pods_Eatery_Watch_App_Extension.framework in Frameworks */,
			);
			runOnlyForDeploymentPostprocessing = 0;
		};
/* End PBXFrameworksBuildPhase section */

/* Begin PBXGroup section */
		1D10A4151C67FF0C00772D31 /* Controllers */ = {
			isa = PBXGroup;
			children = (
				6560D4411F51F373009E7CEF /* Eateries */,
				6560D4421F51F37A009E7CEF /* Lookahead */,
				9584FE531CDD6C40001A3AB5 /* BRB */,
				C26C579F219642BC000E7FC9 /* EateryTabBarController.swift */,
			);
			path = Controllers;
			sourceTree = "<group>";
		};
		1D10A4161C67FF3400772D31 /* Layouts */ = {
			isa = PBXGroup;
			children = (
				E9CFC0B31C0F63DD00ED884A /* EateriesCollectionViewGridLayout.swift */,
			);
			path = Layouts;
			sourceTree = "<group>";
		};
		340372A2A23D5433FB653F66 /* Frameworks */ = {
			isa = PBXGroup;
			children = (
				9584FE541CDD7A26001A3AB5 /* Security.framework */,
				19538C3B4917B0F73E5B6D62 /* Pods_Eatery.framework */,
				0A149DD6FAC488D584A8CB7E /* Pods_Eatery_Watch_App.framework */,
				7E776653956F9723D00D92DD /* Pods_Eatery_Watch_App_Extension.framework */,
			);
			name = Frameworks;
			sourceTree = "<group>";
		};
		5D218C4421FBE42600327516 /* Eateries */ = {
			isa = PBXGroup;
			children = (
				6502AF861DCFB9ED00390EAA /* FilterBar.swift */,
				5D218C2C21FBE39700327516 /* EateriesCollectionViewHeaderView.swift */,
				5D218C2921FBE39700327516 /* EateryCollectionViewCell.swift */,
				5DC06B7921FE36020043701A /* PaymentMethodsView.swift */,
				5D218C1621FBE39700327516 /* MenuHeaderView.xib */,
				5D218C1821FBE39700327516 /* MenuHeaderView.swift */,
				5D218C1B21FBE39700327516 /* MealStationTableViewCell.xib */,
				5D218C1721FBE39700327516 /* MealStationTableViewCell.swift */,
				5D218C1921FBE39700327516 /* MealItemTableViewCell.swift */,
				5D218C1D21FBE39700327516 /* NavigationTitleView.xib */,
				5D218C1A21FBE39700327516 /* NavigationTitleView.swift */,
				5D218C1C21FBE39700327516 /* EateryARDetailCard.swift */,
				5D218C2B21FBE39700327516 /* EateryARCard.swift */,
			);
			path = Eateries;
			sourceTree = "<group>";
		};
		5D218C4521FBE42C00327516 /* Lookahead */ = {
			isa = PBXGroup;
			children = (
				5D218C1F21FBE39700327516 /* EateryHeaderTableViewCell.xib */,
				5D218C2521FBE39700327516 /* EateryHeaderTableViewCell.swift */,
				5D218C2221FBE39700327516 /* EateryMenuTableViewCell.xib */,
				5D218C2321FBE39700327516 /* EateryMenuTableViewCell.swift */,
				5D218C2421FBE39700327516 /* FilterDateView.xib */,
				5D218C2621FBE39700327516 /* FilterDateView.swift */,
				5D218C2021FBE39700327516 /* FilterEateriesView.xib */,
				5D218C2821FBE39700327516 /* FilterEateriesView.swift */,
				5D218C2121FBE39700327516 /* TitleSectionTableViewCell.xib */,
				5D218C2721FBE39700327516 /* TitleSectionTableViewCell.swift */,
			);
			path = Lookahead;
			sourceTree = "<group>";
		};
		5D218C4621FBE43200327516 /* BRB */ = {
			isa = PBXGroup;
			children = (
			);
			path = BRB;
			sourceTree = "<group>";
		};
		6560D4411F51F373009E7CEF /* Eateries */ = {
			isa = PBXGroup;
			children = (
				E9EC978E1BFD1B4B00D06823 /* EateriesViewController.swift */,
				E93CD4161BE67AC400089CE5 /* MenuViewController.swift */,
				E93CD41A1BE67DB000089CE5 /* MealTableViewController.swift */,
				E93CD4181BE67C2300089CE5 /* TabbedPageViewController.swift */,
				60FF4E1B1CBEE03E0051FD01 /* MapViewController.swift */,
				65C36A712037D058005D8831 /* ARViewController.swift */,
			);
			path = Eateries;
			sourceTree = "<group>";
		};
		6560D4421F51F37A009E7CEF /* Lookahead */ = {
			isa = PBXGroup;
			children = (
				D10246281C7A31C3000D5CD8 /* LookAheadViewController.swift */,
			);
			name = Lookahead;
			path = "Look Ahead";
			sourceTree = "<group>";
		};
		659B216B1C70796600F3B138 /* Eatery Watch App */ = {
			isa = PBXGroup;
			children = (
				D9714312219A791300E2EE05 /* Eatery Watch App.entitlements */,
				659B216F1C70796600F3B138 /* Assets.xcassets */,
				659B21711C70796600F3B138 /* Info.plist */,
				659B216C1C70796600F3B138 /* Interface.storyboard */,
			);
			path = "Eatery Watch App";
			sourceTree = "<group>";
		};
		659B217A1C70796600F3B138 /* Eatery Watch App Extension */ = {
			isa = PBXGroup;
			children = (
				FAA912BD1BE6A035003475A8 /* Eatery+Extensions.swift */,
				D9714311219A790D00E2EE05 /* Eatery Watch App Extension.entitlements */,
				659B217B1C70796600F3B138 /* Supporting Files */,
				659B21831C70796600F3B138 /* Assets.xcassets */,
				652AE53A1C707EBC00B7245A /* EateriesInterfaceController.swift */,
				652AE53C1C707EBC00B7245A /* EateryRowController.swift */,
				659B217F1C70796600F3B138 /* ExtensionDelegate.swift */,
				659B21851C70796600F3B138 /* Info.plist */,
				652AE53D1C707EBC00B7245A /* MenuInterfaceController.swift */,
				659B21811C70796600F3B138 /* NotificationController.swift */,
				D971431C219A7F3D00E2EE05 /* TimeFactory.swift */,
			);
			path = "Eatery Watch App Extension";
			sourceTree = "<group>";
		};
		659B217B1C70796600F3B138 /* Supporting Files */ = {
			isa = PBXGroup;
			children = (
				659B217C1C70796600F3B138 /* PushNotificationPayload.apns */,
			);
			path = "Supporting Files";
			sourceTree = "<group>";
		};
		9584FE481CDD6BE6001A3AB5 /* Fonts */ = {
			isa = PBXGroup;
			children = (
				9584FE461CDD6BDF001A3AB5 /* DINLight.ttf */,
			);
			path = Fonts;
			sourceTree = "<group>";
		};
		9584FE531CDD6C40001A3AB5 /* BRB */ = {
			isa = PBXGroup;
			children = (
				F06C7C101DDD032A000445E5 /* BRBAccountSettingsViewController.swift */,
				9584FE4B1CDD6C3B001A3AB5 /* BRBConnectionHandler.swift */,
				9584FE4C1CDD6C3B001A3AB5 /* BRBLoginView.swift */,
				9584FE491CDD6C3B001A3AB5 /* BRBViewController.swift */,
				F0EFD2451DDBBF9D007D63B1 /* BRBTableViewCell.swift */,
			);
			path = BRB;
			sourceTree = "<group>";
		};
		C007CAB619E1BEAC00E3BD46 = {
			isa = PBXGroup;
			children = (
				C0497ACA1B64AA1800AC1C6C /* Eatery */,
				659B216B1C70796600F3B138 /* Eatery Watch App */,
				659B217A1C70796600F3B138 /* Eatery Watch App Extension */,
				340372A2A23D5433FB653F66 /* Frameworks */,
				F71534A35C24A6E72160950C /* Pods */,
				C007CAC019E1BEAC00E3BD46 /* Products */,
				C0497B1D1B64AA3800AC1C6C /* Resources */,
			);
			sourceTree = "<group>";
		};
		C007CAC019E1BEAC00E3BD46 /* Products */ = {
			isa = PBXGroup;
			children = (
				C007CABF19E1BEAC00E3BD46 /* Eatery.app */,
				D97142EA219A74E200E2EE05 /* Eatery Watch App.app */,
				D97142F6219A74E300E2EE05 /* Eatery Watch App Extension.appex */,
			);
			name = Products;
			sourceTree = "<group>";
		};
		C0497ACA1B64AA1800AC1C6C /* Eatery */ = {
			isa = PBXGroup;
			children = (
				D97142E6219A6B6F00E2EE05 /* API.swift */,
				C0F182F81B674B1300063D77 /* AppDelegate.swift */,
				42B1F4EE1BEAD5EE004C382A /* Eatery.entitlements */,
				E99C63E91B6EDE12000A5886 /* Info.plist */,
				9584FE4D1CDD6C3B001A3AB5 /* KeychainItemWrapper.swift */,
				65E93178206C186B00547D14 /* Keys.swift */,
				D956DCAC2187B074001BB9B0 /* Keys.plist */,
				95495D2D1C0AA0790015B85E /* MenuImages.swift */,
				E978DF841BEA8108000CD44F /* UnderlineTabBarView.swift */,
				D956DCAF2187B2A2001BB9B0 /* Queries */,
				D956DCB72187B875001BB9B0 /* Models */,
				D956DCB22187B496001BB9B0 /* Network */,
				1D10A4151C67FF0C00772D31 /* Controllers */,
				C0497AE41B64AA1800AC1C6C /* Views */,
				C0497ACB1B64AA1800AC1C6C /* Data */,
				C0497AEE1B64AA1800AC1C6C /* Extensions */,
				C0497AF21B64AA1800AC1C6C /* Global */,
				1D10A4161C67FF3400772D31 /* Layouts */,
			);
			path = Eatery;
			sourceTree = "<group>";
		};
		C0497ACB1B64AA1800AC1C6C /* Data */ = {
			isa = PBXGroup;
			children = (
				E9CFC0A81C0E4A3000ED884A /* appendix.json */,
				C0F182FB1B674DCB00063D77 /* AnalyticsManager.swift */,
			);
			path = Data;
			sourceTree = "<group>";
		};
		C0497AE41B64AA1800AC1C6C /* Views */ = {
			isa = PBXGroup;
			children = (
				5D218C4421FBE42600327516 /* Eateries */,
				5D218C4521FBE42C00327516 /* Lookahead */,
				5D218C4621FBE43200327516 /* BRB */,
			);
			path = Views;
			sourceTree = "<group>";
		};
		C0497AEE1B64AA1800AC1C6C /* Extensions */ = {
			isa = PBXGroup;
			children = (
				D1EE77791C702469001823D8 /* String+Manipulation.swift */,
				C0497AF11B64AA1800AC1C6C /* UIColor+ColorScheme.swift */,
				1D07D27A1C86F9D400FABB7B /* UIScreen+Device.swift */,
				1D0A94431CC84280000B3974 /* UIViewController+Animation.swift */,
				D971431E219A7FE100E2EE05 /* Eatery+Extension.swift */,
				5D218C4721FC136E00327516 /* CLLocation+Distance.swift */,
			);
			path = Extensions;
			sourceTree = "<group>";
		};
		C0497AF21B64AA1800AC1C6C /* Global */ = {
			isa = PBXGroup;
			children = (
				654E37401DEEA738000E4FAB /* Sort.swift */,
				C0497AF51B64AA1800AC1C6C /* TimeFactory.swift */,
			);
			path = Global;
			sourceTree = "<group>";
		};
		C0497B1D1B64AA3800AC1C6C /* Resources */ = {
			isa = PBXGroup;
			children = (
				9584FE481CDD6BE6001A3AB5 /* Fonts */,
				C0497B581B64AA3800AC1C6C /* Images.xcassets */,
				95F661F91E2E9F3D00591A54 /* LaunchScreen.storyboard */,
			);
			path = Resources;
			sourceTree = "<group>";
		};
		D956DCAF2187B2A2001BB9B0 /* Queries */ = {
			isa = PBXGroup;
			children = (
				D956DCB02187B2BF001BB9B0 /* eateryQuery.graphql */,
				D97142DF2197542A00E2EE05 /* brbQuery.graphql */,
			);
			path = Queries;
			sourceTree = "<group>";
		};
		D956DCB22187B496001BB9B0 /* Network */ = {
			isa = PBXGroup;
			children = (
				D956DCB32187B4B1001BB9B0 /* NetworkManager.swift */,
			);
			path = Network;
			sourceTree = "<group>";
		};
		D956DCB72187B875001BB9B0 /* Models */ = {
			isa = PBXGroup;
			children = (
				D956DCB82187B885001BB9B0 /* Eatery.swift */,
				D956DCC02187B94E001BB9B0 /* Event.swift */,
				D956DCC22187B979001BB9B0 /* MenuItem.swift */,
				D930FBD7218BC00200B0B1CE /* BRBAccount.swift */,
			);
			path = Models;
			sourceTree = "<group>";
		};
		F71534A35C24A6E72160950C /* Pods */ = {
			isa = PBXGroup;
			children = (
				BA0F42CF72757B43C3DF64BE /* Pods-Eatery.debug.xcconfig */,
				561CC64F0A1AF41712E60CD0 /* Pods-Eatery.external beta.xcconfig */,
				94AE18508AA0B5D148EEA361 /* Pods-Eatery.internal beta.xcconfig */,
				2EFE6B659BF68ECA9CE402B4 /* Pods-Eatery.app store.xcconfig */,
				977293368558D040AFA7B199 /* Pods-Eatery Watch App.debug.xcconfig */,
				063BB995A36FB9F04B5D1D5F /* Pods-Eatery Watch App.external beta.xcconfig */,
				295D96F3E987C9154F7D77DE /* Pods-Eatery Watch App.internal beta.xcconfig */,
				019B364D52B66BC8F8B6C25F /* Pods-Eatery Watch App.app store.xcconfig */,
				DFAF014CFABFD9D8E6AC7021 /* Pods-Eatery Watch App Extension.debug.xcconfig */,
				9BE935BDA323618D9A779B07 /* Pods-Eatery Watch App Extension.external beta.xcconfig */,
				7B7FDD4784AB7A79D5069FFC /* Pods-Eatery Watch App Extension.internal beta.xcconfig */,
				E418A28B1A4C3F8781B50F84 /* Pods-Eatery Watch App Extension.app store.xcconfig */,
			);
			name = Pods;
			sourceTree = "<group>";
		};
/* End PBXGroup section */

/* Begin PBXNativeTarget section */
		C007CABE19E1BEAC00E3BD46 /* Eatery */ = {
			isa = PBXNativeTarget;
			buildConfigurationList = C007CADE19E1BEAC00E3BD46 /* Build configuration list for PBXNativeTarget "Eatery" */;
			buildPhases = (
				E78631FC014922E867F30913 /* [CP] Check Pods Manifest.lock */,
				5D854A8521AF85A00067F745 /* [Apollo] Build Apollo */,
				C007CABB19E1BEAC00E3BD46 /* Sources */,
				C007CABC19E1BEAC00E3BD46 /* Frameworks */,
				C007CABD19E1BEAC00E3BD46 /* Resources */,
				13A4C9728ACE643362E0E498 /* [CP] Embed Pods Frameworks */,
				D9714310219A74E400E2EE05 /* Embed Watch Content */,
			);
			buildRules = (
			);
			dependencies = (
				D9714303219A74E400E2EE05 /* PBXTargetDependency */,
			);
			name = Eatery;
			productName = Eatery;
			productReference = C007CABF19E1BEAC00E3BD46 /* Eatery.app */;
			productType = "com.apple.product-type.application";
		};
		D97142E9219A74E200E2EE05 /* Eatery Watch App */ = {
			isa = PBXNativeTarget;
			buildConfigurationList = D971430B219A74E400E2EE05 /* Build configuration list for PBXNativeTarget "Eatery Watch App" */;
			buildPhases = (
				8D8D55004514B9B99C04DE0B /* [CP] Check Pods Manifest.lock */,
				D97142E8219A74E200E2EE05 /* Resources */,
				D971430A219A74E400E2EE05 /* Embed App Extensions */,
				A4EE63D5D35875D3E8E0432B /* Frameworks */,
			);
			buildRules = (
			);
			dependencies = (
				D97142F9219A74E300E2EE05 /* PBXTargetDependency */,
			);
			name = "Eatery Watch App";
			productName = watchkitapp;
			productReference = D97142EA219A74E200E2EE05 /* Eatery Watch App.app */;
			productType = "com.apple.product-type.application.watchapp2";
		};
		D97142F5219A74E300E2EE05 /* Eatery Watch App Extension */ = {
			isa = PBXNativeTarget;
			buildConfigurationList = D9714305219A74E400E2EE05 /* Build configuration list for PBXNativeTarget "Eatery Watch App Extension" */;
			buildPhases = (
				C97C4407B7162088D11A16B3 /* [CP] Check Pods Manifest.lock */,
				D97142F2219A74E300E2EE05 /* Sources */,
				D97142F3219A74E300E2EE05 /* Frameworks */,
				D97142F4219A74E300E2EE05 /* Resources */,
				9AD7D91AAA5DF4D0910FA648 /* [CP] Embed Pods Frameworks */,
			);
			buildRules = (
			);
			dependencies = (
			);
			name = "Eatery Watch App Extension";
			productName = "watchkitapp Extension";
			productReference = D97142F6219A74E300E2EE05 /* Eatery Watch App Extension.appex */;
			productType = "com.apple.product-type.watchkit2-extension";
		};
/* End PBXNativeTarget section */

/* Begin PBXProject section */
		C007CAB719E1BEAC00E3BD46 /* Project object */ = {
			isa = PBXProject;
			attributes = {
				LastSwiftMigration = 0700;
				LastSwiftUpdateCheck = 1010;
				LastUpgradeCheck = 1010;
				ORGANIZATIONNAME = CUAppDev;
				TargetAttributes = {
					C007CABE19E1BEAC00E3BD46 = {
						CreatedOnToolsVersion = 6.0.1;
						LastSwiftMigration = 0910;
						ProvisioningStyle = Automatic;
						SystemCapabilities = {
							com.apple.ApplicationGroups.iOS = {
								enabled = 1;
							};
							com.apple.Keychain = {
								enabled = 1;
							};
						};
					};
					D97142E9219A74E200E2EE05 = {
						CreatedOnToolsVersion = 10.1;
						ProvisioningStyle = Automatic;
						SystemCapabilities = {
							com.apple.ApplicationGroups.iOS = {
								enabled = 1;
							};
						};
					};
					D97142F5219A74E300E2EE05 = {
						CreatedOnToolsVersion = 10.1;
						ProvisioningStyle = Automatic;
						SystemCapabilities = {
							com.apple.ApplicationGroups.iOS = {
								enabled = 1;
							};
						};
					};
				};
			};
			buildConfigurationList = C007CABA19E1BEAC00E3BD46 /* Build configuration list for PBXProject "Eatery" */;
			compatibilityVersion = "Xcode 8.0";
			developmentRegion = English;
			hasScannedForEncodings = 0;
			knownRegions = (
				en,
				Base,
			);
			mainGroup = C007CAB619E1BEAC00E3BD46;
			productRefGroup = C007CAC019E1BEAC00E3BD46 /* Products */;
			projectDirPath = "";
			projectRoot = "";
			targets = (
				C007CABE19E1BEAC00E3BD46 /* Eatery */,
				D97142E9219A74E200E2EE05 /* Eatery Watch App */,
				D97142F5219A74E300E2EE05 /* Eatery Watch App Extension */,
			);
		};
/* End PBXProject section */

/* Begin PBXResourcesBuildPhase section */
		C007CABD19E1BEAC00E3BD46 /* Resources */ = {
			isa = PBXResourcesBuildPhase;
			buildActionMask = 2147483647;
			files = (
				5D218C3821FBE39700327516 /* TitleSectionTableViewCell.xib in Resources */,
				5D218C3621FBE39700327516 /* EateryHeaderTableViewCell.xib in Resources */,
				D956DCB12187B2BF001BB9B0 /* eateryQuery.graphql in Resources */,
				5D218C3721FBE39700327516 /* FilterEateriesView.xib in Resources */,
				C0497BAF1B64AA3800AC1C6C /* Images.xcassets in Resources */,
				5D218C3B21FBE39700327516 /* FilterDateView.xib in Resources */,
				E9CFC0AA1C0E4A3000ED884A /* appendix.json in Resources */,
				D956DCAD2187B074001BB9B0 /* Keys.plist in Resources */,
				95F661FA1E2E9F3D00591A54 /* LaunchScreen.storyboard in Resources */,
				5D218C3521FBE39700327516 /* NavigationTitleView.xib in Resources */,
				5D218C3321FBE39700327516 /* MealStationTableViewCell.xib in Resources */,
				5D218C3921FBE39700327516 /* EateryMenuTableViewCell.xib in Resources */,
				5D218C2E21FBE39700327516 /* MenuHeaderView.xib in Resources */,
				9584FE471CDD6BDF001A3AB5 /* DINLight.ttf in Resources */,
				D97142E02197542A00E2EE05 /* brbQuery.graphql in Resources */,
			);
			runOnlyForDeploymentPostprocessing = 0;
		};
		D97142E8219A74E200E2EE05 /* Resources */ = {
			isa = PBXResourcesBuildPhase;
			buildActionMask = 2147483647;
			files = (
				D9714321219B953800E2EE05 /* Assets.xcassets in Resources */,
				D9714318219A7B6A00E2EE05 /* Interface.storyboard in Resources */,
			);
			runOnlyForDeploymentPostprocessing = 0;
		};
		D97142F4219A74E300E2EE05 /* Resources */ = {
			isa = PBXResourcesBuildPhase;
			buildActionMask = 2147483647;
			files = (
				D9714322219B953D00E2EE05 /* Assets.xcassets in Resources */,
			);
			runOnlyForDeploymentPostprocessing = 0;
		};
/* End PBXResourcesBuildPhase section */

/* Begin PBXShellScriptBuildPhase section */
		13A4C9728ACE643362E0E498 /* [CP] Embed Pods Frameworks */ = {
			isa = PBXShellScriptBuildPhase;
			buildActionMask = 2147483647;
			files = (
			);
			inputPaths = (
				"${SRCROOT}/Pods/Target Support Files/Pods-Eatery/Pods-Eatery-frameworks.sh",
				"${BUILT_PRODUCTS_DIR}/ARCL/ARCL.framework",
				"${BUILT_PRODUCTS_DIR}/Apollo/Apollo.framework",
				"${BUILT_PRODUCTS_DIR}/FLEX/FLEX.framework",
				"${BUILT_PRODUCTS_DIR}/Hero/Hero.framework",
				"${BUILT_PRODUCTS_DIR}/Kingfisher/Kingfisher.framework",
				"${BUILT_PRODUCTS_DIR}/NVActivityIndicatorView/NVActivityIndicatorView.framework",
				"${BUILT_PRODUCTS_DIR}/SnapKit/SnapKit.framework",
				"${BUILT_PRODUCTS_DIR}/SwiftyJSON-iOS/SwiftyJSON.framework",
			);
			name = "[CP] Embed Pods Frameworks";
			outputPaths = (
				"${TARGET_BUILD_DIR}/${FRAMEWORKS_FOLDER_PATH}/ARCL.framework",
				"${TARGET_BUILD_DIR}/${FRAMEWORKS_FOLDER_PATH}/Apollo.framework",
				"${TARGET_BUILD_DIR}/${FRAMEWORKS_FOLDER_PATH}/FLEX.framework",
				"${TARGET_BUILD_DIR}/${FRAMEWORKS_FOLDER_PATH}/Hero.framework",
				"${TARGET_BUILD_DIR}/${FRAMEWORKS_FOLDER_PATH}/Kingfisher.framework",
				"${TARGET_BUILD_DIR}/${FRAMEWORKS_FOLDER_PATH}/NVActivityIndicatorView.framework",
				"${TARGET_BUILD_DIR}/${FRAMEWORKS_FOLDER_PATH}/SnapKit.framework",
				"${TARGET_BUILD_DIR}/${FRAMEWORKS_FOLDER_PATH}/SwiftyJSON.framework",
			);
			runOnlyForDeploymentPostprocessing = 0;
			shellPath = /bin/sh;
			shellScript = "\"${SRCROOT}/Pods/Target Support Files/Pods-Eatery/Pods-Eatery-frameworks.sh\"\n";
			showEnvVarsInLog = 0;
		};
		5D854A8521AF85A00067F745 /* [Apollo] Build Apollo */ = {
			isa = PBXShellScriptBuildPhase;
			buildActionMask = 2147483647;
			files = (
			);
			inputPaths = (
			);
			name = "[Apollo] Build Apollo";
			outputPaths = (
			);
			runOnlyForDeploymentPostprocessing = 0;
			shellPath = /bin/sh;
			shellScript = "APOLLO_FRAMEWORK_PATH=\"$(eval find $FRAMEWORK_SEARCH_PATHS -name \\\"Apollo.framework\\\" -maxdepth 1)\"\n\nif [ -z \"$APOLLO_FRAMEWORK_PATH\" ]; then\necho \"error: Couldn't find Apollo.framework in FRAMEWORK_SEARCH_PATHS; make sure to add the framework to your project.\"\nexit 1\nfi\n\ncd \"${SRCROOT}/${TARGET_NAME}\"\n\"$APOLLO_FRAMEWORK_PATH\"/check-and-run-apollo-cli.sh codegen:generate --queries=\"$(find . -name '*.graphql')\" --schema=schema.json API.swift\n";
		};
		8D8D55004514B9B99C04DE0B /* [CP] Check Pods Manifest.lock */ = {
			isa = PBXShellScriptBuildPhase;
			buildActionMask = 2147483647;
			files = (
			);
			inputPaths = (
				"${PODS_PODFILE_DIR_PATH}/Podfile.lock",
				"${PODS_ROOT}/Manifest.lock",
			);
			name = "[CP] Check Pods Manifest.lock";
			outputPaths = (
				"$(DERIVED_FILE_DIR)/Pods-Eatery Watch App-checkManifestLockResult.txt",
			);
			runOnlyForDeploymentPostprocessing = 0;
			shellPath = /bin/sh;
			shellScript = "diff \"${PODS_PODFILE_DIR_PATH}/Podfile.lock\" \"${PODS_ROOT}/Manifest.lock\" > /dev/null\nif [ $? != 0 ] ; then\n    # print error to STDERR\n    echo \"error: The sandbox is not in sync with the Podfile.lock. Run 'pod install' or update your CocoaPods installation.\" >&2\n    exit 1\nfi\n# This output is used by Xcode 'outputs' to avoid re-running this script phase.\necho \"SUCCESS\" > \"${SCRIPT_OUTPUT_FILE_0}\"\n";
			showEnvVarsInLog = 0;
		};
		9AD7D91AAA5DF4D0910FA648 /* [CP] Embed Pods Frameworks */ = {
			isa = PBXShellScriptBuildPhase;
			buildActionMask = 2147483647;
			files = (
			);
			inputPaths = (
				"${SRCROOT}/Pods/Target Support Files/Pods-Eatery Watch App Extension/Pods-Eatery Watch App Extension-frameworks.sh",
				"${BUILT_PRODUCTS_DIR}/SwiftyJSON-watchOS/SwiftyJSON.framework",
				"${BUILT_PRODUCTS_DIR}/Alamofire/Alamofire.framework",
				"${BUILT_PRODUCTS_DIR}/DiningStack/DiningStack.framework",
			);
			name = "[CP] Embed Pods Frameworks";
			outputPaths = (
				"${TARGET_BUILD_DIR}/${FRAMEWORKS_FOLDER_PATH}/SwiftyJSON.framework",
				"${TARGET_BUILD_DIR}/${FRAMEWORKS_FOLDER_PATH}/Alamofire.framework",
				"${TARGET_BUILD_DIR}/${FRAMEWORKS_FOLDER_PATH}/DiningStack.framework",
			);
			runOnlyForDeploymentPostprocessing = 0;
			shellPath = /bin/sh;
			shellScript = "\"${SRCROOT}/Pods/Target Support Files/Pods-Eatery Watch App Extension/Pods-Eatery Watch App Extension-frameworks.sh\"\n";
			showEnvVarsInLog = 0;
		};
		C97C4407B7162088D11A16B3 /* [CP] Check Pods Manifest.lock */ = {
			isa = PBXShellScriptBuildPhase;
			buildActionMask = 2147483647;
			files = (
			);
			inputPaths = (
				"${PODS_PODFILE_DIR_PATH}/Podfile.lock",
				"${PODS_ROOT}/Manifest.lock",
			);
			name = "[CP] Check Pods Manifest.lock";
			outputPaths = (
				"$(DERIVED_FILE_DIR)/Pods-Eatery Watch App Extension-checkManifestLockResult.txt",
			);
			runOnlyForDeploymentPostprocessing = 0;
			shellPath = /bin/sh;
			shellScript = "diff \"${PODS_PODFILE_DIR_PATH}/Podfile.lock\" \"${PODS_ROOT}/Manifest.lock\" > /dev/null\nif [ $? != 0 ] ; then\n    # print error to STDERR\n    echo \"error: The sandbox is not in sync with the Podfile.lock. Run 'pod install' or update your CocoaPods installation.\" >&2\n    exit 1\nfi\n# This output is used by Xcode 'outputs' to avoid re-running this script phase.\necho \"SUCCESS\" > \"${SCRIPT_OUTPUT_FILE_0}\"\n";
			showEnvVarsInLog = 0;
		};
		E78631FC014922E867F30913 /* [CP] Check Pods Manifest.lock */ = {
			isa = PBXShellScriptBuildPhase;
			buildActionMask = 2147483647;
			files = (
			);
			inputPaths = (
				"${PODS_PODFILE_DIR_PATH}/Podfile.lock",
				"${PODS_ROOT}/Manifest.lock",
			);
			name = "[CP] Check Pods Manifest.lock";
			outputPaths = (
				"$(DERIVED_FILE_DIR)/Pods-Eatery-checkManifestLockResult.txt",
			);
			runOnlyForDeploymentPostprocessing = 0;
			shellPath = /bin/sh;
			shellScript = "diff \"${PODS_PODFILE_DIR_PATH}/Podfile.lock\" \"${PODS_ROOT}/Manifest.lock\" > /dev/null\nif [ $? != 0 ] ; then\n    # print error to STDERR\n    echo \"error: The sandbox is not in sync with the Podfile.lock. Run 'pod install' or update your CocoaPods installation.\" >&2\n    exit 1\nfi\n# This output is used by Xcode 'outputs' to avoid re-running this script phase.\necho \"SUCCESS\" > \"${SCRIPT_OUTPUT_FILE_0}\"\n";
			showEnvVarsInLog = 0;
		};
/* End PBXShellScriptBuildPhase section */

/* Begin PBXSourcesBuildPhase section */
		C007CABB19E1BEAC00E3BD46 /* Sources */ = {
			isa = PBXSourcesBuildPhase;
			buildActionMask = 2147483647;
			files = (
				C0F182FA1B674B1300063D77 /* AppDelegate.swift in Sources */,
				5D218C3221FBE39700327516 /* NavigationTitleView.swift in Sources */,
				5D218C4821FC136E00327516 /* CLLocation+Distance.swift in Sources */,
				65C36A722037D058005D8831 /* ARViewController.swift in Sources */,
				65E93179206C186B00547D14 /* Keys.swift in Sources */,
				D930FBD8218BC00200B0B1CE /* BRBAccount.swift in Sources */,
				E93CD4171BE67AC400089CE5 /* MenuViewController.swift in Sources */,
				E93CD4191BE67C2300089CE5 /* TabbedPageViewController.swift in Sources */,
				5D218C3A21FBE39700327516 /* EateryMenuTableViewCell.swift in Sources */,
				5D218C3E21FBE39700327516 /* TitleSectionTableViewCell.swift in Sources */,
				E9CFC0B41C0F63DD00ED884A /* EateriesCollectionViewGridLayout.swift in Sources */,
				5D218C3D21FBE39700327516 /* FilterDateView.swift in Sources */,
				9584FE4E1CDD6C3B001A3AB5 /* BRBViewController.swift in Sources */,
				5D218C4321FBE39700327516 /* EateriesCollectionViewHeaderView.swift in Sources */,
				D956DCB42187B4B1001BB9B0 /* NetworkManager.swift in Sources */,
				D10246291C7A31C4000D5CD8 /* LookAheadViewController.swift in Sources */,
				9584FE521CDD6C3B001A3AB5 /* KeychainItemWrapper.swift in Sources */,
				654E37411DEEA738000E4FAB /* Sort.swift in Sources */,
				5D218C3021FBE39700327516 /* MenuHeaderView.swift in Sources */,
				C0497B161B64AA1800AC1C6C /* TimeFactory.swift in Sources */,
				60FF4E1C1CBEE03E0051FD01 /* MapViewController.swift in Sources */,
				D956DCC12187B94E001BB9B0 /* Event.swift in Sources */,
				5D218C4221FBE39700327516 /* EateryARCard.swift in Sources */,
				1D0A94441CC84280000B3974 /* UIViewController+Animation.swift in Sources */,
				6502AF871DCFB9ED00390EAA /* FilterBar.swift in Sources */,
				D956DCC32187B979001BB9B0 /* MenuItem.swift in Sources */,
				D971431F219A7FE100E2EE05 /* Eatery+Extension.swift in Sources */,
				95495D2E1C0AA0790015B85E /* MenuImages.swift in Sources */,
				C26C57A0219642BC000E7FC9 /* EateryTabBarController.swift in Sources */,
				5D218C4021FBE39700327516 /* EateryCollectionViewCell.swift in Sources */,
				5D218C3421FBE39700327516 /* EateryARDetailCard.swift in Sources */,
				D956DCB92187B885001BB9B0 /* Eatery.swift in Sources */,
				F0EFD2461DDBBF9D007D63B1 /* BRBTableViewCell.swift in Sources */,
				5D218C3F21FBE39700327516 /* FilterEateriesView.swift in Sources */,
				D97142E7219A6B6F00E2EE05 /* API.swift in Sources */,
				9584FE511CDD6C3B001A3AB5 /* BRBLoginView.swift in Sources */,
				E978DF851BEA8108000CD44F /* UnderlineTabBarView.swift in Sources */,
				1D07D27B1C86F9D400FABB7B /* UIScreen+Device.swift in Sources */,
				C0F182FC1B674DCB00063D77 /* AnalyticsManager.swift in Sources */,
				E9EC978F1BFD1B4B00D06823 /* EateriesViewController.swift in Sources */,
				9584FE501CDD6C3B001A3AB5 /* BRBConnectionHandler.swift in Sources */,
				D1EE777A1C702469001823D8 /* String+Manipulation.swift in Sources */,
				C0497B131B64AA1800AC1C6C /* UIColor+ColorScheme.swift in Sources */,
				F06C7C111DDD032A000445E5 /* BRBAccountSettingsViewController.swift in Sources */,
				5D218C2F21FBE39700327516 /* MealStationTableViewCell.swift in Sources */,
				E93CD41B1BE67DB000089CE5 /* MealTableViewController.swift in Sources */,
				5D218C3C21FBE39700327516 /* EateryHeaderTableViewCell.swift in Sources */,
				5D218C3121FBE39700327516 /* MealItemTableViewCell.swift in Sources */,
				5DC06B7A21FE36020043701A /* PaymentMethodsView.swift in Sources */,
			);
			runOnlyForDeploymentPostprocessing = 0;
		};
		D97142F2219A74E300E2EE05 /* Sources */ = {
			isa = PBXSourcesBuildPhase;
			buildActionMask = 2147483647;
			files = (
				D9714317219A7B4E00E2EE05 /* EateriesInterfaceController.swift in Sources */,
				D9714314219A7B4600E2EE05 /* MenuInterfaceController.swift in Sources */,
				D9714313219A7B4300E2EE05 /* NotificationController.swift in Sources */,
				D971431D219A7F3D00E2EE05 /* TimeFactory.swift in Sources */,
				D9714319219A7E8F00E2EE05 /* Eatery+Extensions.swift in Sources */,
				D971431A219A7EDB00E2EE05 /* UIColor+ColorScheme.swift in Sources */,
				D9714316219A7B4C00E2EE05 /* EateryRowController.swift in Sources */,
				D9714315219A7B4900E2EE05 /* ExtensionDelegate.swift in Sources */,
			);
			runOnlyForDeploymentPostprocessing = 0;
		};
/* End PBXSourcesBuildPhase section */

/* Begin PBXTargetDependency section */
		D97142F9219A74E300E2EE05 /* PBXTargetDependency */ = {
			isa = PBXTargetDependency;
			target = D97142F5219A74E300E2EE05 /* Eatery Watch App Extension */;
			targetProxy = D97142F8219A74E300E2EE05 /* PBXContainerItemProxy */;
		};
		D9714303219A74E400E2EE05 /* PBXTargetDependency */ = {
			isa = PBXTargetDependency;
			target = D97142E9219A74E200E2EE05 /* Eatery Watch App */;
			targetProxy = D9714302219A74E400E2EE05 /* PBXContainerItemProxy */;
		};
/* End PBXTargetDependency section */

/* Begin PBXVariantGroup section */
		659B216C1C70796600F3B138 /* Interface.storyboard */ = {
			isa = PBXVariantGroup;
			children = (
				659B216D1C70796600F3B138 /* Base */,
			);
			name = Interface.storyboard;
			path = .;
			sourceTree = "<group>";
		};
/* End PBXVariantGroup section */

/* Begin XCBuildConfiguration section */
		C007CADC19E1BEAC00E3BD46 /* Debug */ = {
			isa = XCBuildConfiguration;
			buildSettings = {
				ALWAYS_SEARCH_USER_PATHS = NO;
				CLANG_ANALYZER_LOCALIZABILITY_NONLOCALIZED = YES;
				CLANG_CXX_LANGUAGE_STANDARD = "gnu++0x";
				CLANG_CXX_LIBRARY = "libc++";
				CLANG_ENABLE_MODULES = YES;
				CLANG_ENABLE_OBJC_ARC = YES;
				CLANG_WARN_BLOCK_CAPTURE_AUTORELEASING = YES;
				CLANG_WARN_BOOL_CONVERSION = YES;
				CLANG_WARN_COMMA = YES;
				CLANG_WARN_CONSTANT_CONVERSION = YES;
				CLANG_WARN_DEPRECATED_OBJC_IMPLEMENTATIONS = YES;
				CLANG_WARN_DIRECT_OBJC_ISA_USAGE = YES_ERROR;
				CLANG_WARN_EMPTY_BODY = YES;
				CLANG_WARN_ENUM_CONVERSION = YES;
				CLANG_WARN_INFINITE_RECURSION = YES;
				CLANG_WARN_INT_CONVERSION = YES;
				CLANG_WARN_NON_LITERAL_NULL_CONVERSION = YES;
				CLANG_WARN_OBJC_IMPLICIT_RETAIN_SELF = YES;
				CLANG_WARN_OBJC_LITERAL_CONVERSION = YES;
				CLANG_WARN_OBJC_ROOT_CLASS = YES_ERROR;
				CLANG_WARN_RANGE_LOOP_ANALYSIS = YES;
				CLANG_WARN_STRICT_PROTOTYPES = YES;
				CLANG_WARN_SUSPICIOUS_MOVE = YES;
				CLANG_WARN_UNREACHABLE_CODE = YES;
				CLANG_WARN__DUPLICATE_METHOD_MATCH = YES;
				"CODE_SIGN_IDENTITY[sdk=iphoneos*]" = "iPhone Developer";
				COPY_PHASE_STRIP = NO;
				ENABLE_STRICT_OBJC_MSGSEND = YES;
				ENABLE_TESTABILITY = YES;
				GCC_C_LANGUAGE_STANDARD = gnu99;
				GCC_DYNAMIC_NO_PIC = NO;
				GCC_NO_COMMON_BLOCKS = YES;
				GCC_OPTIMIZATION_LEVEL = 0;
				GCC_PREPROCESSOR_DEFINITIONS = "DEBUG=1";
				GCC_SYMBOLS_PRIVATE_EXTERN = NO;
				GCC_WARN_64_TO_32_BIT_CONVERSION = YES;
				GCC_WARN_ABOUT_RETURN_TYPE = YES_ERROR;
				GCC_WARN_UNDECLARED_SELECTOR = YES;
				GCC_WARN_UNINITIALIZED_AUTOS = YES_AGGRESSIVE;
				GCC_WARN_UNUSED_FUNCTION = YES;
				GCC_WARN_UNUSED_VARIABLE = YES;
				IPHONEOS_DEPLOYMENT_TARGET = 9.0;
				MTL_ENABLE_DEBUG_INFO = YES;
				ONLY_ACTIVE_ARCH = YES;
				SDKROOT = iphoneos;
				SWIFT_OPTIMIZATION_LEVEL = "-Onone";
				SWIFT_VERSION = 3.0;
			};
			name = Debug;
		};
		C007CADF19E1BEAC00E3BD46 /* Debug */ = {
			isa = XCBuildConfiguration;
			baseConfigurationReference = BA0F42CF72757B43C3DF64BE /* Pods-Eatery.debug.xcconfig */;
			buildSettings = {
				ASSETCATALOG_COMPILER_APPICON_NAME = AppIcon;
				BUNDLE_SUFFIX = "-debug";
				CLANG_ENABLE_MODULES = YES;
				CODE_SIGN_ENTITLEMENTS = Eatery/Eatery.entitlements;
				CODE_SIGN_IDENTITY = "iPhone Developer";
				"CODE_SIGN_IDENTITY[sdk=iphoneos*]" = "iPhone Developer";
				COPY_PHASE_STRIP = NO;
				CURRENT_PROJECT_VERSION = 17;
				DEVELOPMENT_TEAM = ZGMCXU7X3U;
				FRAMEWORK_SEARCH_PATHS = "$(inherited)";
				INFOPLIST_FILE = Eatery/Info.plist;
				IPHONEOS_DEPLOYMENT_TARGET = 10.0;
				LD_RUNPATH_SEARCH_PATHS = "$(inherited) @executable_path/Frameworks";
				OTHER_LDFLAGS = "$(inherited)";
				OTHER_SWIFT_FLAGS = "$(inherited) -DDEBUG";
				PRODUCT_BUNDLE_IDENTIFIER = org.cuappdev.eatery;
				PRODUCT_NAME = "$(TARGET_NAME)";
				PROVISIONING_PROFILE = "";
				PROVISIONING_PROFILE_SPECIFIER = "";
				SWIFT_VERSION = 4.0;
				TARGETED_DEVICE_FAMILY = "1,2";
				VERSIONING_SYSTEM = "apple-generic";
			};
			name = Debug;
		};
		C0142A041B68BBDA0090B33A /* App Store */ = {
			isa = XCBuildConfiguration;
			buildSettings = {
				ALWAYS_SEARCH_USER_PATHS = NO;
				CLANG_ANALYZER_LOCALIZABILITY_NONLOCALIZED = YES;
				CLANG_CXX_LANGUAGE_STANDARD = "gnu++0x";
				CLANG_CXX_LIBRARY = "libc++";
				CLANG_ENABLE_MODULES = YES;
				CLANG_ENABLE_OBJC_ARC = YES;
				CLANG_WARN_BLOCK_CAPTURE_AUTORELEASING = YES;
				CLANG_WARN_BOOL_CONVERSION = YES;
				CLANG_WARN_COMMA = YES;
				CLANG_WARN_CONSTANT_CONVERSION = YES;
				CLANG_WARN_DEPRECATED_OBJC_IMPLEMENTATIONS = YES;
				CLANG_WARN_DIRECT_OBJC_ISA_USAGE = YES_ERROR;
				CLANG_WARN_EMPTY_BODY = YES;
				CLANG_WARN_ENUM_CONVERSION = YES;
				CLANG_WARN_INFINITE_RECURSION = YES;
				CLANG_WARN_INT_CONVERSION = YES;
				CLANG_WARN_NON_LITERAL_NULL_CONVERSION = YES;
				CLANG_WARN_OBJC_IMPLICIT_RETAIN_SELF = YES;
				CLANG_WARN_OBJC_LITERAL_CONVERSION = YES;
				CLANG_WARN_OBJC_ROOT_CLASS = YES_ERROR;
				CLANG_WARN_RANGE_LOOP_ANALYSIS = YES;
				CLANG_WARN_STRICT_PROTOTYPES = YES;
				CLANG_WARN_SUSPICIOUS_MOVE = YES;
				CLANG_WARN_UNREACHABLE_CODE = YES;
				CLANG_WARN__DUPLICATE_METHOD_MATCH = YES;
				"CODE_SIGN_IDENTITY[sdk=iphoneos*]" = "iPhone Developer";
				COPY_PHASE_STRIP = YES;
				ENABLE_NS_ASSERTIONS = NO;
				ENABLE_STRICT_OBJC_MSGSEND = YES;
				GCC_C_LANGUAGE_STANDARD = gnu99;
				GCC_NO_COMMON_BLOCKS = YES;
				GCC_WARN_64_TO_32_BIT_CONVERSION = YES;
				GCC_WARN_ABOUT_RETURN_TYPE = YES_ERROR;
				GCC_WARN_UNDECLARED_SELECTOR = YES;
				GCC_WARN_UNINITIALIZED_AUTOS = YES_AGGRESSIVE;
				GCC_WARN_UNUSED_FUNCTION = YES;
				GCC_WARN_UNUSED_VARIABLE = YES;
				IPHONEOS_DEPLOYMENT_TARGET = 9.0;
				MTL_ENABLE_DEBUG_INFO = NO;
				SDKROOT = iphoneos;
				SWIFT_VERSION = 3.0;
				VALIDATE_PRODUCT = YES;
			};
			name = "App Store";
		};
		C0142A051B68BBDA0090B33A /* App Store */ = {
			isa = XCBuildConfiguration;
			baseConfigurationReference = 2EFE6B659BF68ECA9CE402B4 /* Pods-Eatery.app store.xcconfig */;
			buildSettings = {
				ASSETCATALOG_COMPILER_APPICON_NAME = AppIcon;
				BUNDLE_SUFFIX = "";
				CLANG_ENABLE_MODULES = YES;
				CODE_SIGN_ENTITLEMENTS = Eatery/Eatery.entitlements;
				CODE_SIGN_IDENTITY = "iPhone Developer";
				"CODE_SIGN_IDENTITY[sdk=iphoneos*]" = "iPhone Developer";
				COPY_PHASE_STRIP = NO;
				CURRENT_PROJECT_VERSION = 17;
				DEVELOPMENT_TEAM = ZGMCXU7X3U;
				FRAMEWORK_SEARCH_PATHS = "$(inherited)";
				INFOPLIST_FILE = Eatery/Info.plist;
				IPHONEOS_DEPLOYMENT_TARGET = 10.0;
				LD_RUNPATH_SEARCH_PATHS = "$(inherited) @executable_path/Frameworks";
				OTHER_LDFLAGS = "$(inherited)";
				PRODUCT_BUNDLE_IDENTIFIER = org.cuappdev.eatery;
				PRODUCT_NAME = "$(TARGET_NAME)";
				PROVISIONING_PROFILE = "";
				PROVISIONING_PROFILE_SPECIFIER = "";
				SWIFT_VERSION = 4.0;
				TARGETED_DEVICE_FAMILY = "1,2";
				VERSIONING_SYSTEM = "apple-generic";
			};
			name = "App Store";
		};
		C0142A061B68BBE50090B33A /* Internal Beta */ = {
			isa = XCBuildConfiguration;
			buildSettings = {
				ALWAYS_SEARCH_USER_PATHS = NO;
				CLANG_ANALYZER_LOCALIZABILITY_NONLOCALIZED = YES;
				CLANG_CXX_LANGUAGE_STANDARD = "gnu++0x";
				CLANG_CXX_LIBRARY = "libc++";
				CLANG_ENABLE_MODULES = YES;
				CLANG_ENABLE_OBJC_ARC = YES;
				CLANG_WARN_BLOCK_CAPTURE_AUTORELEASING = YES;
				CLANG_WARN_BOOL_CONVERSION = YES;
				CLANG_WARN_COMMA = YES;
				CLANG_WARN_CONSTANT_CONVERSION = YES;
				CLANG_WARN_DEPRECATED_OBJC_IMPLEMENTATIONS = YES;
				CLANG_WARN_DIRECT_OBJC_ISA_USAGE = YES_ERROR;
				CLANG_WARN_EMPTY_BODY = YES;
				CLANG_WARN_ENUM_CONVERSION = YES;
				CLANG_WARN_INFINITE_RECURSION = YES;
				CLANG_WARN_INT_CONVERSION = YES;
				CLANG_WARN_NON_LITERAL_NULL_CONVERSION = YES;
				CLANG_WARN_OBJC_IMPLICIT_RETAIN_SELF = YES;
				CLANG_WARN_OBJC_LITERAL_CONVERSION = YES;
				CLANG_WARN_OBJC_ROOT_CLASS = YES_ERROR;
				CLANG_WARN_RANGE_LOOP_ANALYSIS = YES;
				CLANG_WARN_STRICT_PROTOTYPES = YES;
				CLANG_WARN_SUSPICIOUS_MOVE = YES;
				CLANG_WARN_UNREACHABLE_CODE = YES;
				CLANG_WARN__DUPLICATE_METHOD_MATCH = YES;
				"CODE_SIGN_IDENTITY[sdk=iphoneos*]" = "iPhone Developer";
				COPY_PHASE_STRIP = YES;
				ENABLE_NS_ASSERTIONS = NO;
				ENABLE_STRICT_OBJC_MSGSEND = YES;
				GCC_C_LANGUAGE_STANDARD = gnu99;
				GCC_NO_COMMON_BLOCKS = YES;
				GCC_WARN_64_TO_32_BIT_CONVERSION = YES;
				GCC_WARN_ABOUT_RETURN_TYPE = YES_ERROR;
				GCC_WARN_UNDECLARED_SELECTOR = YES;
				GCC_WARN_UNINITIALIZED_AUTOS = YES_AGGRESSIVE;
				GCC_WARN_UNUSED_FUNCTION = YES;
				GCC_WARN_UNUSED_VARIABLE = YES;
				IPHONEOS_DEPLOYMENT_TARGET = 9.0;
				MTL_ENABLE_DEBUG_INFO = NO;
				SDKROOT = iphoneos;
				SWIFT_VERSION = 3.0;
				VALIDATE_PRODUCT = YES;
			};
			name = "Internal Beta";
		};
		C0142A071B68BBE50090B33A /* Internal Beta */ = {
			isa = XCBuildConfiguration;
			baseConfigurationReference = 94AE18508AA0B5D148EEA361 /* Pods-Eatery.internal beta.xcconfig */;
			buildSettings = {
				ASSETCATALOG_COMPILER_APPICON_NAME = AppIcon;
				BUNDLE_SUFFIX = "-internal-beta";
				CLANG_ENABLE_MODULES = YES;
				CODE_SIGN_ENTITLEMENTS = Eatery/Eatery.entitlements;
				CODE_SIGN_IDENTITY = "iPhone Developer";
				"CODE_SIGN_IDENTITY[sdk=iphoneos*]" = "iPhone Developer";
				COPY_PHASE_STRIP = NO;
				CURRENT_PROJECT_VERSION = 17;
				DEVELOPMENT_TEAM = ZGMCXU7X3U;
				FRAMEWORK_SEARCH_PATHS = "$(inherited)";
				INFOPLIST_FILE = Eatery/Info.plist;
				IPHONEOS_DEPLOYMENT_TARGET = 10.0;
				LD_RUNPATH_SEARCH_PATHS = "$(inherited) @executable_path/Frameworks";
				OTHER_LDFLAGS = "$(inherited)";
				PRODUCT_BUNDLE_IDENTIFIER = org.cuappdev.eatery;
				PRODUCT_NAME = "$(TARGET_NAME)";
				PROVISIONING_PROFILE = "";
				PROVISIONING_PROFILE_SPECIFIER = "";
				SWIFT_VERSION = 4.0;
				TARGETED_DEVICE_FAMILY = "1,2";
				VERSIONING_SYSTEM = "apple-generic";
			};
			name = "Internal Beta";
		};
		C0142A081B68BBF00090B33A /* External Beta */ = {
			isa = XCBuildConfiguration;
			buildSettings = {
				ALWAYS_SEARCH_USER_PATHS = NO;
				CLANG_ANALYZER_LOCALIZABILITY_NONLOCALIZED = YES;
				CLANG_CXX_LANGUAGE_STANDARD = "gnu++0x";
				CLANG_CXX_LIBRARY = "libc++";
				CLANG_ENABLE_MODULES = YES;
				CLANG_ENABLE_OBJC_ARC = YES;
				CLANG_WARN_BLOCK_CAPTURE_AUTORELEASING = YES;
				CLANG_WARN_BOOL_CONVERSION = YES;
				CLANG_WARN_COMMA = YES;
				CLANG_WARN_CONSTANT_CONVERSION = YES;
				CLANG_WARN_DEPRECATED_OBJC_IMPLEMENTATIONS = YES;
				CLANG_WARN_DIRECT_OBJC_ISA_USAGE = YES_ERROR;
				CLANG_WARN_EMPTY_BODY = YES;
				CLANG_WARN_ENUM_CONVERSION = YES;
				CLANG_WARN_INFINITE_RECURSION = YES;
				CLANG_WARN_INT_CONVERSION = YES;
				CLANG_WARN_NON_LITERAL_NULL_CONVERSION = YES;
				CLANG_WARN_OBJC_IMPLICIT_RETAIN_SELF = YES;
				CLANG_WARN_OBJC_LITERAL_CONVERSION = YES;
				CLANG_WARN_OBJC_ROOT_CLASS = YES_ERROR;
				CLANG_WARN_RANGE_LOOP_ANALYSIS = YES;
				CLANG_WARN_STRICT_PROTOTYPES = YES;
				CLANG_WARN_SUSPICIOUS_MOVE = YES;
				CLANG_WARN_UNREACHABLE_CODE = YES;
				CLANG_WARN__DUPLICATE_METHOD_MATCH = YES;
				"CODE_SIGN_IDENTITY[sdk=iphoneos*]" = "iPhone Developer";
				COPY_PHASE_STRIP = YES;
				ENABLE_NS_ASSERTIONS = NO;
				ENABLE_STRICT_OBJC_MSGSEND = YES;
				GCC_C_LANGUAGE_STANDARD = gnu99;
				GCC_NO_COMMON_BLOCKS = YES;
				GCC_WARN_64_TO_32_BIT_CONVERSION = YES;
				GCC_WARN_ABOUT_RETURN_TYPE = YES_ERROR;
				GCC_WARN_UNDECLARED_SELECTOR = YES;
				GCC_WARN_UNINITIALIZED_AUTOS = YES_AGGRESSIVE;
				GCC_WARN_UNUSED_FUNCTION = YES;
				GCC_WARN_UNUSED_VARIABLE = YES;
				IPHONEOS_DEPLOYMENT_TARGET = 9.0;
				MTL_ENABLE_DEBUG_INFO = NO;
				SDKROOT = iphoneos;
				SWIFT_VERSION = 3.0;
				VALIDATE_PRODUCT = YES;
			};
			name = "External Beta";
		};
		C0142A091B68BBF00090B33A /* External Beta */ = {
			isa = XCBuildConfiguration;
			baseConfigurationReference = 561CC64F0A1AF41712E60CD0 /* Pods-Eatery.external beta.xcconfig */;
			buildSettings = {
				ASSETCATALOG_COMPILER_APPICON_NAME = AppIcon;
				BUNDLE_SUFFIX = "-external-beta";
				CLANG_ENABLE_MODULES = YES;
				CODE_SIGN_ENTITLEMENTS = Eatery/Eatery.entitlements;
				CODE_SIGN_IDENTITY = "iPhone Developer";
				"CODE_SIGN_IDENTITY[sdk=iphoneos*]" = "iPhone Developer";
				COPY_PHASE_STRIP = NO;
				CURRENT_PROJECT_VERSION = 17;
				DEVELOPMENT_TEAM = ZGMCXU7X3U;
				FRAMEWORK_SEARCH_PATHS = "$(inherited)";
				INFOPLIST_FILE = Eatery/Info.plist;
				IPHONEOS_DEPLOYMENT_TARGET = 10.0;
				LD_RUNPATH_SEARCH_PATHS = "$(inherited) @executable_path/Frameworks";
				OTHER_LDFLAGS = "$(inherited)";
				PRODUCT_BUNDLE_IDENTIFIER = org.cuappdev.eatery;
				PRODUCT_NAME = "$(TARGET_NAME)";
				PROVISIONING_PROFILE = "";
				PROVISIONING_PROFILE_SPECIFIER = "";
				SWIFT_VERSION = 4.0;
				TARGETED_DEVICE_FAMILY = "1,2";
				VERSIONING_SYSTEM = "apple-generic";
			};
			name = "External Beta";
		};
		D9714306219A74E400E2EE05 /* Debug */ = {
			isa = XCBuildConfiguration;
			baseConfigurationReference = DFAF014CFABFD9D8E6AC7021 /* Pods-Eatery Watch App Extension.debug.xcconfig */;
			buildSettings = {
				ASSETCATALOG_COMPILER_COMPLICATION_NAME = Complication;
				CLANG_ANALYZER_NONNULL = YES;
				CLANG_ANALYZER_NUMBER_OBJECT_CONVERSION = YES_AGGRESSIVE;
				CLANG_CXX_LANGUAGE_STANDARD = "gnu++14";
				CLANG_ENABLE_OBJC_WEAK = YES;
				CLANG_WARN_DEPRECATED_OBJC_IMPLEMENTATIONS = YES;
				CLANG_WARN_DOCUMENTATION_COMMENTS = YES;
				CLANG_WARN_OBJC_IMPLICIT_RETAIN_SELF = YES;
				CLANG_WARN_UNGUARDED_AVAILABILITY = YES_AGGRESSIVE;
				CODE_SIGN_ENTITLEMENTS = "Eatery Watch App Extension/Eatery Watch App Extension.entitlements";
				CODE_SIGN_STYLE = Automatic;
				DEBUG_INFORMATION_FORMAT = dwarf;
				DEVELOPMENT_TEAM = ZGMCXU7X3U;
				GCC_C_LANGUAGE_STANDARD = gnu11;
				GCC_PREPROCESSOR_DEFINITIONS = (
					"DEBUG=1",
					"$(inherited)",
				);
				INFOPLIST_FILE = "$(SRCROOT)/Eatery Watch App Extension/Info.plist";
				LD_RUNPATH_SEARCH_PATHS = "$(inherited) @executable_path/Frameworks @executable_path/../../Frameworks";
				MTL_ENABLE_DEBUG_INFO = INCLUDE_SOURCE;
				MTL_FAST_MATH = YES;
				PRODUCT_BUNDLE_IDENTIFIER = org.cuappdev.eatery.watchkitapp.watchkitextension;
				PRODUCT_NAME = "${TARGET_NAME}";
				SDKROOT = watchos;
				SKIP_INSTALL = YES;
				SWIFT_ACTIVE_COMPILATION_CONDITIONS = DEBUG;
				SWIFT_VERSION = 4.2;
				TARGETED_DEVICE_FAMILY = 4;
				WATCHOS_DEPLOYMENT_TARGET = 4.0;
			};
			name = Debug;
		};
		D9714307219A74E400E2EE05 /* External Beta */ = {
			isa = XCBuildConfiguration;
			baseConfigurationReference = 9BE935BDA323618D9A779B07 /* Pods-Eatery Watch App Extension.external beta.xcconfig */;
			buildSettings = {
				ALWAYS_SEARCH_USER_PATHS = NO;
				ASSETCATALOG_COMPILER_COMPLICATION_NAME = Complication;
				CLANG_ANALYZER_NONNULL = YES;
				CLANG_ANALYZER_NUMBER_OBJECT_CONVERSION = YES_AGGRESSIVE;
				CLANG_CXX_LANGUAGE_STANDARD = "gnu++14";
				CLANG_CXX_LIBRARY = "libc++";
				CLANG_ENABLE_MODULES = YES;
				CLANG_ENABLE_OBJC_ARC = YES;
				CLANG_ENABLE_OBJC_WEAK = YES;
				CLANG_WARN_BLOCK_CAPTURE_AUTORELEASING = YES;
				CLANG_WARN_BOOL_CONVERSION = YES;
				CLANG_WARN_COMMA = YES;
				CLANG_WARN_CONSTANT_CONVERSION = YES;
				CLANG_WARN_DEPRECATED_OBJC_IMPLEMENTATIONS = YES;
				CLANG_WARN_DIRECT_OBJC_ISA_USAGE = YES_ERROR;
				CLANG_WARN_DOCUMENTATION_COMMENTS = YES;
				CLANG_WARN_EMPTY_BODY = YES;
				CLANG_WARN_ENUM_CONVERSION = YES;
				CLANG_WARN_INFINITE_RECURSION = YES;
				CLANG_WARN_INT_CONVERSION = YES;
				CLANG_WARN_NON_LITERAL_NULL_CONVERSION = YES;
				CLANG_WARN_OBJC_IMPLICIT_RETAIN_SELF = YES;
				CLANG_WARN_OBJC_LITERAL_CONVERSION = YES;
				CLANG_WARN_OBJC_ROOT_CLASS = YES_ERROR;
				CLANG_WARN_RANGE_LOOP_ANALYSIS = YES;
				CLANG_WARN_STRICT_PROTOTYPES = YES;
				CLANG_WARN_SUSPICIOUS_MOVE = YES;
				CLANG_WARN_UNGUARDED_AVAILABILITY = YES_AGGRESSIVE;
				CLANG_WARN_UNREACHABLE_CODE = YES;
				CLANG_WARN__DUPLICATE_METHOD_MATCH = YES;
				CODE_SIGN_ENTITLEMENTS = "Eatery Watch App Extension/Eatery Watch App Extension.entitlements";
				CODE_SIGN_STYLE = Automatic;
				COPY_PHASE_STRIP = NO;
				DEBUG_INFORMATION_FORMAT = "dwarf-with-dsym";
				DEVELOPMENT_TEAM = ZGMCXU7X3U;
				ENABLE_NS_ASSERTIONS = NO;
				ENABLE_STRICT_OBJC_MSGSEND = YES;
				GCC_C_LANGUAGE_STANDARD = gnu11;
				GCC_NO_COMMON_BLOCKS = YES;
				GCC_WARN_64_TO_32_BIT_CONVERSION = YES;
				GCC_WARN_ABOUT_RETURN_TYPE = YES_ERROR;
				GCC_WARN_UNDECLARED_SELECTOR = YES;
				GCC_WARN_UNINITIALIZED_AUTOS = YES_AGGRESSIVE;
				GCC_WARN_UNUSED_FUNCTION = YES;
				GCC_WARN_UNUSED_VARIABLE = YES;
				INFOPLIST_FILE = "$(SRCROOT)/Eatery Watch App Extension/Info.plist";
				LD_RUNPATH_SEARCH_PATHS = "$(inherited) @executable_path/Frameworks @executable_path/../../Frameworks";
				MTL_ENABLE_DEBUG_INFO = NO;
				MTL_FAST_MATH = YES;
				PRODUCT_BUNDLE_IDENTIFIER = org.cuappdev.eatery.watchkitapp.watchkitextension;
				PRODUCT_NAME = "${TARGET_NAME}";
				SDKROOT = watchos;
				SKIP_INSTALL = YES;
				SWIFT_OPTIMIZATION_LEVEL = "-Owholemodule";
				SWIFT_VERSION = 4.2;
				TARGETED_DEVICE_FAMILY = 4;
				VALIDATE_PRODUCT = YES;
				WATCHOS_DEPLOYMENT_TARGET = 4.0;
			};
			name = "External Beta";
		};
		D9714308219A74E400E2EE05 /* Internal Beta */ = {
			isa = XCBuildConfiguration;
			baseConfigurationReference = 7B7FDD4784AB7A79D5069FFC /* Pods-Eatery Watch App Extension.internal beta.xcconfig */;
			buildSettings = {
				ALWAYS_SEARCH_USER_PATHS = NO;
				ASSETCATALOG_COMPILER_COMPLICATION_NAME = Complication;
				CLANG_ANALYZER_NONNULL = YES;
				CLANG_ANALYZER_NUMBER_OBJECT_CONVERSION = YES_AGGRESSIVE;
				CLANG_CXX_LANGUAGE_STANDARD = "gnu++14";
				CLANG_CXX_LIBRARY = "libc++";
				CLANG_ENABLE_MODULES = YES;
				CLANG_ENABLE_OBJC_ARC = YES;
				CLANG_ENABLE_OBJC_WEAK = YES;
				CLANG_WARN_BLOCK_CAPTURE_AUTORELEASING = YES;
				CLANG_WARN_BOOL_CONVERSION = YES;
				CLANG_WARN_COMMA = YES;
				CLANG_WARN_CONSTANT_CONVERSION = YES;
				CLANG_WARN_DEPRECATED_OBJC_IMPLEMENTATIONS = YES;
				CLANG_WARN_DIRECT_OBJC_ISA_USAGE = YES_ERROR;
				CLANG_WARN_DOCUMENTATION_COMMENTS = YES;
				CLANG_WARN_EMPTY_BODY = YES;
				CLANG_WARN_ENUM_CONVERSION = YES;
				CLANG_WARN_INFINITE_RECURSION = YES;
				CLANG_WARN_INT_CONVERSION = YES;
				CLANG_WARN_NON_LITERAL_NULL_CONVERSION = YES;
				CLANG_WARN_OBJC_IMPLICIT_RETAIN_SELF = YES;
				CLANG_WARN_OBJC_LITERAL_CONVERSION = YES;
				CLANG_WARN_OBJC_ROOT_CLASS = YES_ERROR;
				CLANG_WARN_RANGE_LOOP_ANALYSIS = YES;
				CLANG_WARN_STRICT_PROTOTYPES = YES;
				CLANG_WARN_SUSPICIOUS_MOVE = YES;
				CLANG_WARN_UNGUARDED_AVAILABILITY = YES_AGGRESSIVE;
				CLANG_WARN_UNREACHABLE_CODE = YES;
				CLANG_WARN__DUPLICATE_METHOD_MATCH = YES;
				CODE_SIGN_ENTITLEMENTS = "Eatery Watch App Extension/Eatery Watch App Extension.entitlements";
				CODE_SIGN_STYLE = Automatic;
				COPY_PHASE_STRIP = NO;
				DEBUG_INFORMATION_FORMAT = "dwarf-with-dsym";
				DEVELOPMENT_TEAM = ZGMCXU7X3U;
				ENABLE_NS_ASSERTIONS = NO;
				ENABLE_STRICT_OBJC_MSGSEND = YES;
				GCC_C_LANGUAGE_STANDARD = gnu11;
				GCC_NO_COMMON_BLOCKS = YES;
				GCC_WARN_64_TO_32_BIT_CONVERSION = YES;
				GCC_WARN_ABOUT_RETURN_TYPE = YES_ERROR;
				GCC_WARN_UNDECLARED_SELECTOR = YES;
				GCC_WARN_UNINITIALIZED_AUTOS = YES_AGGRESSIVE;
				GCC_WARN_UNUSED_FUNCTION = YES;
				GCC_WARN_UNUSED_VARIABLE = YES;
				INFOPLIST_FILE = "$(SRCROOT)/Eatery Watch App Extension/Info.plist";
				LD_RUNPATH_SEARCH_PATHS = "$(inherited) @executable_path/Frameworks @executable_path/../../Frameworks";
				MTL_ENABLE_DEBUG_INFO = NO;
				MTL_FAST_MATH = YES;
				PRODUCT_BUNDLE_IDENTIFIER = org.cuappdev.eatery.watchkitapp.watchkitextension;
				PRODUCT_NAME = "${TARGET_NAME}";
				SDKROOT = watchos;
				SKIP_INSTALL = YES;
				SWIFT_OPTIMIZATION_LEVEL = "-Owholemodule";
				SWIFT_VERSION = 4.2;
				TARGETED_DEVICE_FAMILY = 4;
				VALIDATE_PRODUCT = YES;
				WATCHOS_DEPLOYMENT_TARGET = 4.0;
			};
			name = "Internal Beta";
		};
		D9714309219A74E400E2EE05 /* App Store */ = {
			isa = XCBuildConfiguration;
			baseConfigurationReference = E418A28B1A4C3F8781B50F84 /* Pods-Eatery Watch App Extension.app store.xcconfig */;
			buildSettings = {
				ALWAYS_SEARCH_USER_PATHS = NO;
				ASSETCATALOG_COMPILER_COMPLICATION_NAME = Complication;
				CLANG_ANALYZER_NONNULL = YES;
				CLANG_ANALYZER_NUMBER_OBJECT_CONVERSION = YES_AGGRESSIVE;
				CLANG_CXX_LANGUAGE_STANDARD = "gnu++14";
				CLANG_CXX_LIBRARY = "libc++";
				CLANG_ENABLE_MODULES = YES;
				CLANG_ENABLE_OBJC_ARC = YES;
				CLANG_ENABLE_OBJC_WEAK = YES;
				CLANG_WARN_BLOCK_CAPTURE_AUTORELEASING = YES;
				CLANG_WARN_BOOL_CONVERSION = YES;
				CLANG_WARN_COMMA = YES;
				CLANG_WARN_CONSTANT_CONVERSION = YES;
				CLANG_WARN_DEPRECATED_OBJC_IMPLEMENTATIONS = YES;
				CLANG_WARN_DIRECT_OBJC_ISA_USAGE = YES_ERROR;
				CLANG_WARN_DOCUMENTATION_COMMENTS = YES;
				CLANG_WARN_EMPTY_BODY = YES;
				CLANG_WARN_ENUM_CONVERSION = YES;
				CLANG_WARN_INFINITE_RECURSION = YES;
				CLANG_WARN_INT_CONVERSION = YES;
				CLANG_WARN_NON_LITERAL_NULL_CONVERSION = YES;
				CLANG_WARN_OBJC_IMPLICIT_RETAIN_SELF = YES;
				CLANG_WARN_OBJC_LITERAL_CONVERSION = YES;
				CLANG_WARN_OBJC_ROOT_CLASS = YES_ERROR;
				CLANG_WARN_RANGE_LOOP_ANALYSIS = YES;
				CLANG_WARN_STRICT_PROTOTYPES = YES;
				CLANG_WARN_SUSPICIOUS_MOVE = YES;
				CLANG_WARN_UNGUARDED_AVAILABILITY = YES_AGGRESSIVE;
				CLANG_WARN_UNREACHABLE_CODE = YES;
				CLANG_WARN__DUPLICATE_METHOD_MATCH = YES;
				CODE_SIGN_ENTITLEMENTS = "Eatery Watch App Extension/Eatery Watch App Extension.entitlements";
				CODE_SIGN_STYLE = Automatic;
				COPY_PHASE_STRIP = NO;
				DEBUG_INFORMATION_FORMAT = "dwarf-with-dsym";
				DEVELOPMENT_TEAM = ZGMCXU7X3U;
				ENABLE_NS_ASSERTIONS = NO;
				ENABLE_STRICT_OBJC_MSGSEND = YES;
				GCC_C_LANGUAGE_STANDARD = gnu11;
				GCC_NO_COMMON_BLOCKS = YES;
				GCC_WARN_64_TO_32_BIT_CONVERSION = YES;
				GCC_WARN_ABOUT_RETURN_TYPE = YES_ERROR;
				GCC_WARN_UNDECLARED_SELECTOR = YES;
				GCC_WARN_UNINITIALIZED_AUTOS = YES_AGGRESSIVE;
				GCC_WARN_UNUSED_FUNCTION = YES;
				GCC_WARN_UNUSED_VARIABLE = YES;
				INFOPLIST_FILE = "$(SRCROOT)/Eatery Watch App Extension/Info.plist";
				LD_RUNPATH_SEARCH_PATHS = "$(inherited) @executable_path/Frameworks @executable_path/../../Frameworks";
				MTL_ENABLE_DEBUG_INFO = NO;
				MTL_FAST_MATH = YES;
				PRODUCT_BUNDLE_IDENTIFIER = org.cuappdev.eatery.watchkitapp.watchkitextension;
				PRODUCT_NAME = "${TARGET_NAME}";
				SDKROOT = watchos;
				SKIP_INSTALL = YES;
				SWIFT_OPTIMIZATION_LEVEL = "-Owholemodule";
				SWIFT_VERSION = 4.2;
				TARGETED_DEVICE_FAMILY = 4;
				VALIDATE_PRODUCT = YES;
				WATCHOS_DEPLOYMENT_TARGET = 4.0;
			};
			name = "App Store";
		};
		D971430C219A74E400E2EE05 /* Debug */ = {
			isa = XCBuildConfiguration;
			baseConfigurationReference = 977293368558D040AFA7B199 /* Pods-Eatery Watch App.debug.xcconfig */;
			buildSettings = {
				ALWAYS_EMBED_SWIFT_STANDARD_LIBRARIES = NO;
				ASSETCATALOG_COMPILER_APPICON_NAME = AppIcon;
				CLANG_ANALYZER_NONNULL = YES;
				CLANG_ANALYZER_NUMBER_OBJECT_CONVERSION = YES_AGGRESSIVE;
				CLANG_CXX_LANGUAGE_STANDARD = "gnu++14";
				CLANG_ENABLE_OBJC_WEAK = YES;
				CLANG_WARN_DEPRECATED_OBJC_IMPLEMENTATIONS = YES;
				CLANG_WARN_DOCUMENTATION_COMMENTS = YES;
				CLANG_WARN_OBJC_IMPLICIT_RETAIN_SELF = YES;
				CLANG_WARN_UNGUARDED_AVAILABILITY = YES_AGGRESSIVE;
				CODE_SIGN_ENTITLEMENTS = "Eatery Watch App/Eatery Watch App.entitlements";
				CODE_SIGN_IDENTITY = "iPhone Developer";
				"CODE_SIGN_IDENTITY[sdk=iphoneos*]" = "iPhone Developer";
				CODE_SIGN_STYLE = Automatic;
				DEBUG_INFORMATION_FORMAT = dwarf;
				DEVELOPMENT_TEAM = ZGMCXU7X3U;
				GCC_C_LANGUAGE_STANDARD = gnu11;
				GCC_PREPROCESSOR_DEFINITIONS = (
					"DEBUG=1",
					"$(inherited)",
				);
				IBSC_MODULE = watchkitapp_Extension;
				INFOPLIST_FILE = "$(SRCROOT)/Eatery Watch App/Info.plist";
				MTL_ENABLE_DEBUG_INFO = INCLUDE_SOURCE;
				MTL_FAST_MATH = YES;
				PRODUCT_BUNDLE_IDENTIFIER = org.cuappdev.eatery.watchkitapp;
				PRODUCT_NAME = "$(TARGET_NAME)";
				SDKROOT = watchos;
				SKIP_INSTALL = YES;
				SWIFT_ACTIVE_COMPILATION_CONDITIONS = DEBUG;
				SWIFT_VERSION = 4.2;
				TARGETED_DEVICE_FAMILY = 4;
				WATCHOS_DEPLOYMENT_TARGET = 4.0;
			};
			name = Debug;
		};
		D971430D219A74E400E2EE05 /* External Beta */ = {
			isa = XCBuildConfiguration;
			baseConfigurationReference = 063BB995A36FB9F04B5D1D5F /* Pods-Eatery Watch App.external beta.xcconfig */;
			buildSettings = {
				ALWAYS_EMBED_SWIFT_STANDARD_LIBRARIES = NO;
				ALWAYS_SEARCH_USER_PATHS = NO;
				ASSETCATALOG_COMPILER_APPICON_NAME = AppIcon;
				CLANG_ANALYZER_NONNULL = YES;
				CLANG_ANALYZER_NUMBER_OBJECT_CONVERSION = YES_AGGRESSIVE;
				CLANG_CXX_LANGUAGE_STANDARD = "gnu++14";
				CLANG_CXX_LIBRARY = "libc++";
				CLANG_ENABLE_MODULES = YES;
				CLANG_ENABLE_OBJC_ARC = YES;
				CLANG_ENABLE_OBJC_WEAK = YES;
				CLANG_WARN_BLOCK_CAPTURE_AUTORELEASING = YES;
				CLANG_WARN_BOOL_CONVERSION = YES;
				CLANG_WARN_COMMA = YES;
				CLANG_WARN_CONSTANT_CONVERSION = YES;
				CLANG_WARN_DEPRECATED_OBJC_IMPLEMENTATIONS = YES;
				CLANG_WARN_DIRECT_OBJC_ISA_USAGE = YES_ERROR;
				CLANG_WARN_DOCUMENTATION_COMMENTS = YES;
				CLANG_WARN_EMPTY_BODY = YES;
				CLANG_WARN_ENUM_CONVERSION = YES;
				CLANG_WARN_INFINITE_RECURSION = YES;
				CLANG_WARN_INT_CONVERSION = YES;
				CLANG_WARN_NON_LITERAL_NULL_CONVERSION = YES;
				CLANG_WARN_OBJC_IMPLICIT_RETAIN_SELF = YES;
				CLANG_WARN_OBJC_LITERAL_CONVERSION = YES;
				CLANG_WARN_OBJC_ROOT_CLASS = YES_ERROR;
				CLANG_WARN_RANGE_LOOP_ANALYSIS = YES;
				CLANG_WARN_STRICT_PROTOTYPES = YES;
				CLANG_WARN_SUSPICIOUS_MOVE = YES;
				CLANG_WARN_UNGUARDED_AVAILABILITY = YES_AGGRESSIVE;
				CLANG_WARN_UNREACHABLE_CODE = YES;
				CLANG_WARN__DUPLICATE_METHOD_MATCH = YES;
				CODE_SIGN_ENTITLEMENTS = "Eatery Watch App/Eatery Watch App.entitlements";
				CODE_SIGN_IDENTITY = "iPhone Developer";
				"CODE_SIGN_IDENTITY[sdk=iphoneos*]" = "iPhone Developer";
				CODE_SIGN_STYLE = Automatic;
				COPY_PHASE_STRIP = NO;
				DEBUG_INFORMATION_FORMAT = "dwarf-with-dsym";
				DEVELOPMENT_TEAM = ZGMCXU7X3U;
				ENABLE_NS_ASSERTIONS = NO;
				ENABLE_STRICT_OBJC_MSGSEND = YES;
				GCC_C_LANGUAGE_STANDARD = gnu11;
				GCC_NO_COMMON_BLOCKS = YES;
				GCC_WARN_64_TO_32_BIT_CONVERSION = YES;
				GCC_WARN_ABOUT_RETURN_TYPE = YES_ERROR;
				GCC_WARN_UNDECLARED_SELECTOR = YES;
				GCC_WARN_UNINITIALIZED_AUTOS = YES_AGGRESSIVE;
				GCC_WARN_UNUSED_FUNCTION = YES;
				GCC_WARN_UNUSED_VARIABLE = YES;
				IBSC_MODULE = watchkitapp_Extension;
				INFOPLIST_FILE = "$(SRCROOT)/Eatery Watch App/Info.plist";
				MTL_ENABLE_DEBUG_INFO = NO;
				MTL_FAST_MATH = YES;
				PRODUCT_BUNDLE_IDENTIFIER = org.cuappdev.eatery.watchkitapp;
				PRODUCT_NAME = "$(TARGET_NAME)";
				SDKROOT = watchos;
				SKIP_INSTALL = YES;
				SWIFT_OPTIMIZATION_LEVEL = "-Owholemodule";
				SWIFT_VERSION = 4.2;
				TARGETED_DEVICE_FAMILY = 4;
				VALIDATE_PRODUCT = YES;
				WATCHOS_DEPLOYMENT_TARGET = 4.0;
			};
			name = "External Beta";
		};
		D971430E219A74E400E2EE05 /* Internal Beta */ = {
			isa = XCBuildConfiguration;
			baseConfigurationReference = 295D96F3E987C9154F7D77DE /* Pods-Eatery Watch App.internal beta.xcconfig */;
			buildSettings = {
				ALWAYS_EMBED_SWIFT_STANDARD_LIBRARIES = NO;
				ALWAYS_SEARCH_USER_PATHS = NO;
				ASSETCATALOG_COMPILER_APPICON_NAME = AppIcon;
				CLANG_ANALYZER_NONNULL = YES;
				CLANG_ANALYZER_NUMBER_OBJECT_CONVERSION = YES_AGGRESSIVE;
				CLANG_CXX_LANGUAGE_STANDARD = "gnu++14";
				CLANG_CXX_LIBRARY = "libc++";
				CLANG_ENABLE_MODULES = YES;
				CLANG_ENABLE_OBJC_ARC = YES;
				CLANG_ENABLE_OBJC_WEAK = YES;
				CLANG_WARN_BLOCK_CAPTURE_AUTORELEASING = YES;
				CLANG_WARN_BOOL_CONVERSION = YES;
				CLANG_WARN_COMMA = YES;
				CLANG_WARN_CONSTANT_CONVERSION = YES;
				CLANG_WARN_DEPRECATED_OBJC_IMPLEMENTATIONS = YES;
				CLANG_WARN_DIRECT_OBJC_ISA_USAGE = YES_ERROR;
				CLANG_WARN_DOCUMENTATION_COMMENTS = YES;
				CLANG_WARN_EMPTY_BODY = YES;
				CLANG_WARN_ENUM_CONVERSION = YES;
				CLANG_WARN_INFINITE_RECURSION = YES;
				CLANG_WARN_INT_CONVERSION = YES;
				CLANG_WARN_NON_LITERAL_NULL_CONVERSION = YES;
				CLANG_WARN_OBJC_IMPLICIT_RETAIN_SELF = YES;
				CLANG_WARN_OBJC_LITERAL_CONVERSION = YES;
				CLANG_WARN_OBJC_ROOT_CLASS = YES_ERROR;
				CLANG_WARN_RANGE_LOOP_ANALYSIS = YES;
				CLANG_WARN_STRICT_PROTOTYPES = YES;
				CLANG_WARN_SUSPICIOUS_MOVE = YES;
				CLANG_WARN_UNGUARDED_AVAILABILITY = YES_AGGRESSIVE;
				CLANG_WARN_UNREACHABLE_CODE = YES;
				CLANG_WARN__DUPLICATE_METHOD_MATCH = YES;
				CODE_SIGN_ENTITLEMENTS = "Eatery Watch App/Eatery Watch App.entitlements";
				CODE_SIGN_IDENTITY = "iPhone Developer";
				"CODE_SIGN_IDENTITY[sdk=iphoneos*]" = "iPhone Developer";
				CODE_SIGN_STYLE = Automatic;
				COPY_PHASE_STRIP = NO;
				DEBUG_INFORMATION_FORMAT = "dwarf-with-dsym";
				DEVELOPMENT_TEAM = ZGMCXU7X3U;
				ENABLE_NS_ASSERTIONS = NO;
				ENABLE_STRICT_OBJC_MSGSEND = YES;
				GCC_C_LANGUAGE_STANDARD = gnu11;
				GCC_NO_COMMON_BLOCKS = YES;
				GCC_WARN_64_TO_32_BIT_CONVERSION = YES;
				GCC_WARN_ABOUT_RETURN_TYPE = YES_ERROR;
				GCC_WARN_UNDECLARED_SELECTOR = YES;
				GCC_WARN_UNINITIALIZED_AUTOS = YES_AGGRESSIVE;
				GCC_WARN_UNUSED_FUNCTION = YES;
				GCC_WARN_UNUSED_VARIABLE = YES;
				IBSC_MODULE = watchkitapp_Extension;
				INFOPLIST_FILE = "$(SRCROOT)/Eatery Watch App/Info.plist";
				MTL_ENABLE_DEBUG_INFO = NO;
				MTL_FAST_MATH = YES;
				PRODUCT_BUNDLE_IDENTIFIER = org.cuappdev.eatery.watchkitapp;
				PRODUCT_NAME = "$(TARGET_NAME)";
				SDKROOT = watchos;
				SKIP_INSTALL = YES;
				SWIFT_OPTIMIZATION_LEVEL = "-Owholemodule";
				SWIFT_VERSION = 4.2;
				TARGETED_DEVICE_FAMILY = 4;
				VALIDATE_PRODUCT = YES;
				WATCHOS_DEPLOYMENT_TARGET = 4.0;
			};
			name = "Internal Beta";
		};
		D971430F219A74E400E2EE05 /* App Store */ = {
			isa = XCBuildConfiguration;
			baseConfigurationReference = 019B364D52B66BC8F8B6C25F /* Pods-Eatery Watch App.app store.xcconfig */;
			buildSettings = {
				ALWAYS_EMBED_SWIFT_STANDARD_LIBRARIES = NO;
				ALWAYS_SEARCH_USER_PATHS = NO;
				ASSETCATALOG_COMPILER_APPICON_NAME = AppIcon;
				CLANG_ANALYZER_NONNULL = YES;
				CLANG_ANALYZER_NUMBER_OBJECT_CONVERSION = YES_AGGRESSIVE;
				CLANG_CXX_LANGUAGE_STANDARD = "gnu++14";
				CLANG_CXX_LIBRARY = "libc++";
				CLANG_ENABLE_MODULES = YES;
				CLANG_ENABLE_OBJC_ARC = YES;
				CLANG_ENABLE_OBJC_WEAK = YES;
				CLANG_WARN_BLOCK_CAPTURE_AUTORELEASING = YES;
				CLANG_WARN_BOOL_CONVERSION = YES;
				CLANG_WARN_COMMA = YES;
				CLANG_WARN_CONSTANT_CONVERSION = YES;
				CLANG_WARN_DEPRECATED_OBJC_IMPLEMENTATIONS = YES;
				CLANG_WARN_DIRECT_OBJC_ISA_USAGE = YES_ERROR;
				CLANG_WARN_DOCUMENTATION_COMMENTS = YES;
				CLANG_WARN_EMPTY_BODY = YES;
				CLANG_WARN_ENUM_CONVERSION = YES;
				CLANG_WARN_INFINITE_RECURSION = YES;
				CLANG_WARN_INT_CONVERSION = YES;
				CLANG_WARN_NON_LITERAL_NULL_CONVERSION = YES;
				CLANG_WARN_OBJC_IMPLICIT_RETAIN_SELF = YES;
				CLANG_WARN_OBJC_LITERAL_CONVERSION = YES;
				CLANG_WARN_OBJC_ROOT_CLASS = YES_ERROR;
				CLANG_WARN_RANGE_LOOP_ANALYSIS = YES;
				CLANG_WARN_STRICT_PROTOTYPES = YES;
				CLANG_WARN_SUSPICIOUS_MOVE = YES;
				CLANG_WARN_UNGUARDED_AVAILABILITY = YES_AGGRESSIVE;
				CLANG_WARN_UNREACHABLE_CODE = YES;
				CLANG_WARN__DUPLICATE_METHOD_MATCH = YES;
				CODE_SIGN_ENTITLEMENTS = "Eatery Watch App/Eatery Watch App.entitlements";
				CODE_SIGN_IDENTITY = "iPhone Developer";
				"CODE_SIGN_IDENTITY[sdk=iphoneos*]" = "iPhone Developer";
				CODE_SIGN_STYLE = Automatic;
				COPY_PHASE_STRIP = NO;
				DEBUG_INFORMATION_FORMAT = "dwarf-with-dsym";
				DEVELOPMENT_TEAM = ZGMCXU7X3U;
				ENABLE_NS_ASSERTIONS = NO;
				ENABLE_STRICT_OBJC_MSGSEND = YES;
				GCC_C_LANGUAGE_STANDARD = gnu11;
				GCC_NO_COMMON_BLOCKS = YES;
				GCC_WARN_64_TO_32_BIT_CONVERSION = YES;
				GCC_WARN_ABOUT_RETURN_TYPE = YES_ERROR;
				GCC_WARN_UNDECLARED_SELECTOR = YES;
				GCC_WARN_UNINITIALIZED_AUTOS = YES_AGGRESSIVE;
				GCC_WARN_UNUSED_FUNCTION = YES;
				GCC_WARN_UNUSED_VARIABLE = YES;
				IBSC_MODULE = watchkitapp_Extension;
				INFOPLIST_FILE = "$(SRCROOT)/Eatery Watch App/Info.plist";
				MTL_ENABLE_DEBUG_INFO = NO;
				MTL_FAST_MATH = YES;
				PRODUCT_BUNDLE_IDENTIFIER = org.cuappdev.eatery.watchkitapp;
				PRODUCT_NAME = "$(TARGET_NAME)";
				SDKROOT = watchos;
				SKIP_INSTALL = YES;
				SWIFT_OPTIMIZATION_LEVEL = "-Owholemodule";
				SWIFT_VERSION = 4.2;
				TARGETED_DEVICE_FAMILY = 4;
				VALIDATE_PRODUCT = YES;
				WATCHOS_DEPLOYMENT_TARGET = 4.0;
			};
			name = "App Store";
		};
/* End XCBuildConfiguration section */

/* Begin XCConfigurationList section */
		C007CABA19E1BEAC00E3BD46 /* Build configuration list for PBXProject "Eatery" */ = {
			isa = XCConfigurationList;
			buildConfigurations = (
				C007CADC19E1BEAC00E3BD46 /* Debug */,
				C0142A081B68BBF00090B33A /* External Beta */,
				C0142A061B68BBE50090B33A /* Internal Beta */,
				C0142A041B68BBDA0090B33A /* App Store */,
			);
			defaultConfigurationIsVisible = 0;
			defaultConfigurationName = Debug;
		};
		C007CADE19E1BEAC00E3BD46 /* Build configuration list for PBXNativeTarget "Eatery" */ = {
			isa = XCConfigurationList;
			buildConfigurations = (
				C007CADF19E1BEAC00E3BD46 /* Debug */,
				C0142A091B68BBF00090B33A /* External Beta */,
				C0142A071B68BBE50090B33A /* Internal Beta */,
				C0142A051B68BBDA0090B33A /* App Store */,
			);
			defaultConfigurationIsVisible = 0;
			defaultConfigurationName = Debug;
		};
		D9714305219A74E400E2EE05 /* Build configuration list for PBXNativeTarget "Eatery Watch App Extension" */ = {
			isa = XCConfigurationList;
			buildConfigurations = (
				D9714306219A74E400E2EE05 /* Debug */,
				D9714307219A74E400E2EE05 /* External Beta */,
				D9714308219A74E400E2EE05 /* Internal Beta */,
				D9714309219A74E400E2EE05 /* App Store */,
			);
			defaultConfigurationIsVisible = 0;
			defaultConfigurationName = Debug;
		};
		D971430B219A74E400E2EE05 /* Build configuration list for PBXNativeTarget "Eatery Watch App" */ = {
			isa = XCConfigurationList;
			buildConfigurations = (
				D971430C219A74E400E2EE05 /* Debug */,
				D971430D219A74E400E2EE05 /* External Beta */,
				D971430E219A74E400E2EE05 /* Internal Beta */,
				D971430F219A74E400E2EE05 /* App Store */,
			);
			defaultConfigurationIsVisible = 0;
			defaultConfigurationName = Debug;
		};
/* End XCConfigurationList section */
	};
	rootObject = C007CAB719E1BEAC00E3BD46 /* Project object */;
}
